// !$*UTF8*$!
{
	archiveVersion = 1;
	classes = {
	};
	objectVersion = 55;
	objects = {

/* Begin PBXBuildFile section */
		CD27606627EF0136003A833D /* Localizable.strings in Resources */ = {isa = PBXBuildFile; fileRef = CD27606827EF0136003A833D /* Localizable.strings */; };
		CD27606B27EF09FC003A833D /* MainIntroView.swift in Sources */ = {isa = PBXBuildFile; fileRef = CD27606A27EF09FC003A833D /* MainIntroView.swift */; };
		CD27606D27EF2E32003A833D /* MainChecklistView.swift in Sources */ = {isa = PBXBuildFile; fileRef = CD27606C27EF2E32003A833D /* MainChecklistView.swift */; };
		CD27606F27EF355A003A833D /* MainScoreView.swift in Sources */ = {isa = PBXBuildFile; fileRef = CD27606E27EF355A003A833D /* MainScoreView.swift */; };
		CD27607127EF4129003A833D /* MainTipsView.swift in Sources */ = {isa = PBXBuildFile; fileRef = CD27607027EF4129003A833D /* MainTipsView.swift */; };
		CD27607527EF6F65003A833D /* ActivityViewController.swift in Sources */ = {isa = PBXBuildFile; fileRef = CD27607427EF6F65003A833D /* ActivityViewController.swift */; };
		CD27607727EF9D14003A833D /* MainTipDetailView.swift in Sources */ = {isa = PBXBuildFile; fileRef = CD27607627EF9D14003A833D /* MainTipDetailView.swift */; };
		CD3D657927F21C64008CA2CF /* BabyDanger.swift in Sources */ = {isa = PBXBuildFile; fileRef = CD3D657827F21C64008CA2CF /* BabyDanger.swift */; };
		CDA4C73C27EE5E54003A0B94 /* Babysafe_Home_AR_iOS_SwiftUIApp.swift in Sources */ = {isa = PBXBuildFile; fileRef = CDA4C73B27EE5E54003A0B94 /* Babysafe_Home_AR_iOS_SwiftUIApp.swift */; };
		CDA4C73E27EE5E54003A0B94 /* ContentView.swift in Sources */ = {isa = PBXBuildFile; fileRef = CDA4C73D27EE5E54003A0B94 /* ContentView.swift */; };
		CDA4C74027EE5E56003A0B94 /* Assets.xcassets in Resources */ = {isa = PBXBuildFile; fileRef = CDA4C73F27EE5E56003A0B94 /* Assets.xcassets */; };
		CDA4C74327EE5E56003A0B94 /* Preview Assets.xcassets in Resources */ = {isa = PBXBuildFile; fileRef = CDA4C74227EE5E56003A0B94 /* Preview Assets.xcassets */; };
		CDA4C74D27EE5E57003A0B94 /* Babysafe_Home_AR_iOS_SwiftUITests.swift in Sources */ = {isa = PBXBuildFile; fileRef = CDA4C74C27EE5E57003A0B94 /* Babysafe_Home_AR_iOS_SwiftUITests.swift */; };
		CDA4C75727EE5E57003A0B94 /* Babysafe_Home_AR_iOS_SwiftUIUITests.swift in Sources */ = {isa = PBXBuildFile; fileRef = CDA4C75627EE5E57003A0B94 /* Babysafe_Home_AR_iOS_SwiftUIUITests.swift */; };
		CDA4C75927EE5E57003A0B94 /* Babysafe_Home_AR_iOS_SwiftUIUITestsLaunchTests.swift in Sources */ = {isa = PBXBuildFile; fileRef = CDA4C75827EE5E57003A0B94 /* Babysafe_Home_AR_iOS_SwiftUIUITestsLaunchTests.swift */; };
		CDA4C76627EE5EC5003A0B94 /* AboutView.swift in Sources */ = {isa = PBXBuildFile; fileRef = CDA4C76527EE5EC5003A0B94 /* AboutView.swift */; };
		CDA4C76827EE5FB0003A0B94 /* AboutAppInfoView.swift in Sources */ = {isa = PBXBuildFile; fileRef = CDA4C76727EE5FB0003A0B94 /* AboutAppInfoView.swift */; };
		CDA4C76A27EE5FC8003A0B94 /* AboutDisclaimerView.swift in Sources */ = {isa = PBXBuildFile; fileRef = CDA4C76927EE5FC8003A0B94 /* AboutDisclaimerView.swift */; };
		CDA4C76C27EE5FDB003A0B94 /* AboutThanksView.swift in Sources */ = {isa = PBXBuildFile; fileRef = CDA4C76B27EE5FDB003A0B94 /* AboutThanksView.swift */; };
		CDA4C76E27EE5FF1003A0B94 /* AboutAttributionsView.swift in Sources */ = {isa = PBXBuildFile; fileRef = CDA4C76D27EE5FF1003A0B94 /* AboutAttributionsView.swift */; };
		CDA4C77027EE6EA3003A0B94 /* MainView.swift in Sources */ = {isa = PBXBuildFile; fileRef = CDA4C76F27EE6EA3003A0B94 /* MainView.swift */; };
/* End PBXBuildFile section */

/* Begin PBXContainerItemProxy section */
		CDA4C74927EE5E57003A0B94 /* PBXContainerItemProxy */ = {
			isa = PBXContainerItemProxy;
			containerPortal = CDA4C73027EE5E53003A0B94 /* Project object */;
			proxyType = 1;
			remoteGlobalIDString = CDA4C73727EE5E54003A0B94;
			remoteInfo = "Babysafe Home AR iOS SwiftUI";
		};
		CDA4C75327EE5E57003A0B94 /* PBXContainerItemProxy */ = {
			isa = PBXContainerItemProxy;
			containerPortal = CDA4C73027EE5E53003A0B94 /* Project object */;
			proxyType = 1;
			remoteGlobalIDString = CDA4C73727EE5E54003A0B94;
			remoteInfo = "Babysafe Home AR iOS SwiftUI";
		};
/* End PBXContainerItemProxy section */

/* Begin PBXFileReference section */
		CD27606727EF0136003A833D /* en */ = {isa = PBXFileReference; lastKnownFileType = text.plist.strings; name = en; path = en.lproj/Localizable.strings; sourceTree = "<group>"; };
		CD27606927EF0151003A833D /* de */ = {isa = PBXFileReference; lastKnownFileType = text.plist.strings; name = de; path = de.lproj/Localizable.strings; sourceTree = "<group>"; };
		CD27606A27EF09FC003A833D /* MainIntroView.swift */ = {isa = PBXFileReference; lastKnownFileType = sourcecode.swift; path = MainIntroView.swift; sourceTree = "<group>"; };
		CD27606C27EF2E32003A833D /* MainChecklistView.swift */ = {isa = PBXFileReference; lastKnownFileType = sourcecode.swift; path = MainChecklistView.swift; sourceTree = "<group>"; };
		CD27606E27EF355A003A833D /* MainScoreView.swift */ = {isa = PBXFileReference; lastKnownFileType = sourcecode.swift; path = MainScoreView.swift; sourceTree = "<group>"; };
		CD27607027EF4129003A833D /* MainTipsView.swift */ = {isa = PBXFileReference; lastKnownFileType = sourcecode.swift; path = MainTipsView.swift; sourceTree = "<group>"; };
		CD27607427EF6F65003A833D /* ActivityViewController.swift */ = {isa = PBXFileReference; lastKnownFileType = sourcecode.swift; path = ActivityViewController.swift; sourceTree = "<group>"; };
		CD27607627EF9D14003A833D /* MainTipDetailView.swift */ = {isa = PBXFileReference; lastKnownFileType = sourcecode.swift; path = MainTipDetailView.swift; sourceTree = "<group>"; };
		CD3D657827F21C64008CA2CF /* BabyDanger.swift */ = {isa = PBXFileReference; lastKnownFileType = sourcecode.swift; path = BabyDanger.swift; sourceTree = "<group>"; };
		CDA4C73827EE5E54003A0B94 /* Babysafe Home AR iOS SwiftUI.app */ = {isa = PBXFileReference; explicitFileType = wrapper.application; includeInIndex = 0; path = "Babysafe Home AR iOS SwiftUI.app"; sourceTree = BUILT_PRODUCTS_DIR; };
		CDA4C73B27EE5E54003A0B94 /* Babysafe_Home_AR_iOS_SwiftUIApp.swift */ = {isa = PBXFileReference; lastKnownFileType = sourcecode.swift; path = Babysafe_Home_AR_iOS_SwiftUIApp.swift; sourceTree = "<group>"; };
		CDA4C73D27EE5E54003A0B94 /* ContentView.swift */ = {isa = PBXFileReference; lastKnownFileType = sourcecode.swift; path = ContentView.swift; sourceTree = "<group>"; };
		CDA4C73F27EE5E56003A0B94 /* Assets.xcassets */ = {isa = PBXFileReference; lastKnownFileType = folder.assetcatalog; path = Assets.xcassets; sourceTree = "<group>"; };
		CDA4C74227EE5E56003A0B94 /* Preview Assets.xcassets */ = {isa = PBXFileReference; lastKnownFileType = folder.assetcatalog; path = "Preview Assets.xcassets"; sourceTree = "<group>"; };
		CDA4C74827EE5E57003A0B94 /* Babysafe Home AR iOS SwiftUITests.xctest */ = {isa = PBXFileReference; explicitFileType = wrapper.cfbundle; includeInIndex = 0; path = "Babysafe Home AR iOS SwiftUITests.xctest"; sourceTree = BUILT_PRODUCTS_DIR; };
		CDA4C74C27EE5E57003A0B94 /* Babysafe_Home_AR_iOS_SwiftUITests.swift */ = {isa = PBXFileReference; lastKnownFileType = sourcecode.swift; path = Babysafe_Home_AR_iOS_SwiftUITests.swift; sourceTree = "<group>"; };
		CDA4C75227EE5E57003A0B94 /* Babysafe Home AR iOS SwiftUIUITests.xctest */ = {isa = PBXFileReference; explicitFileType = wrapper.cfbundle; includeInIndex = 0; path = "Babysafe Home AR iOS SwiftUIUITests.xctest"; sourceTree = BUILT_PRODUCTS_DIR; };
		CDA4C75627EE5E57003A0B94 /* Babysafe_Home_AR_iOS_SwiftUIUITests.swift */ = {isa = PBXFileReference; lastKnownFileType = sourcecode.swift; path = Babysafe_Home_AR_iOS_SwiftUIUITests.swift; sourceTree = "<group>"; };
		CDA4C75827EE5E57003A0B94 /* Babysafe_Home_AR_iOS_SwiftUIUITestsLaunchTests.swift */ = {isa = PBXFileReference; lastKnownFileType = sourcecode.swift; path = Babysafe_Home_AR_iOS_SwiftUIUITestsLaunchTests.swift; sourceTree = "<group>"; };
		CDA4C76527EE5EC5003A0B94 /* AboutView.swift */ = {isa = PBXFileReference; lastKnownFileType = sourcecode.swift; path = AboutView.swift; sourceTree = "<group>"; };
		CDA4C76727EE5FB0003A0B94 /* AboutAppInfoView.swift */ = {isa = PBXFileReference; lastKnownFileType = sourcecode.swift; path = AboutAppInfoView.swift; sourceTree = "<group>"; };
		CDA4C76927EE5FC8003A0B94 /* AboutDisclaimerView.swift */ = {isa = PBXFileReference; lastKnownFileType = sourcecode.swift; path = AboutDisclaimerView.swift; sourceTree = "<group>"; };
		CDA4C76B27EE5FDB003A0B94 /* AboutThanksView.swift */ = {isa = PBXFileReference; lastKnownFileType = sourcecode.swift; path = AboutThanksView.swift; sourceTree = "<group>"; };
		CDA4C76D27EE5FF1003A0B94 /* AboutAttributionsView.swift */ = {isa = PBXFileReference; lastKnownFileType = sourcecode.swift; path = AboutAttributionsView.swift; sourceTree = "<group>"; };
		CDA4C76F27EE6EA3003A0B94 /* MainView.swift */ = {isa = PBXFileReference; lastKnownFileType = sourcecode.swift; path = MainView.swift; sourceTree = "<group>"; };
/* End PBXFileReference section */

/* Begin PBXFrameworksBuildPhase section */
		CDA4C73527EE5E54003A0B94 /* Frameworks */ = {
			isa = PBXFrameworksBuildPhase;
			buildActionMask = 2147483647;
			files = (
			);
			runOnlyForDeploymentPostprocessing = 0;
		};
		CDA4C74527EE5E57003A0B94 /* Frameworks */ = {
			isa = PBXFrameworksBuildPhase;
			buildActionMask = 2147483647;
			files = (
			);
			runOnlyForDeploymentPostprocessing = 0;
		};
		CDA4C74F27EE5E57003A0B94 /* Frameworks */ = {
			isa = PBXFrameworksBuildPhase;
			buildActionMask = 2147483647;
			files = (
			);
			runOnlyForDeploymentPostprocessing = 0;
		};
/* End PBXFrameworksBuildPhase section */

/* Begin PBXGroup section */
		CD3D657727F21C50008CA2CF /* Models */ = {
			isa = PBXGroup;
			children = (
				CD3D657827F21C64008CA2CF /* BabyDanger.swift */,
			);
			path = Models;
			sourceTree = "<group>";
		};
		CDA4C72F27EE5E53003A0B94 = {
			isa = PBXGroup;
			children = (
				CDA4C73A27EE5E54003A0B94 /* Babysafe Home AR iOS SwiftUI */,
				CDA4C74B27EE5E57003A0B94 /* Babysafe Home AR iOS SwiftUITests */,
				CDA4C75527EE5E57003A0B94 /* Babysafe Home AR iOS SwiftUIUITests */,
				CDA4C73927EE5E54003A0B94 /* Products */,
			);
			sourceTree = "<group>";
		};
		CDA4C73927EE5E54003A0B94 /* Products */ = {
			isa = PBXGroup;
			children = (
				CDA4C73827EE5E54003A0B94 /* Babysafe Home AR iOS SwiftUI.app */,
				CDA4C74827EE5E57003A0B94 /* Babysafe Home AR iOS SwiftUITests.xctest */,
				CDA4C75227EE5E57003A0B94 /* Babysafe Home AR iOS SwiftUIUITests.xctest */,
			);
			name = Products;
			sourceTree = "<group>";
		};
		CDA4C73A27EE5E54003A0B94 /* Babysafe Home AR iOS SwiftUI */ = {
			isa = PBXGroup;
			children = (
				CD3D657727F21C50008CA2CF /* Models */,
				CDA4C73B27EE5E54003A0B94 /* Babysafe_Home_AR_iOS_SwiftUIApp.swift */,
				CDA4C73D27EE5E54003A0B94 /* ContentView.swift */,
				CDA4C73F27EE5E56003A0B94 /* Assets.xcassets */,
				CDA4C76F27EE6EA3003A0B94 /* MainView.swift */,
				CD27606A27EF09FC003A833D /* MainIntroView.swift */,
				CD27606C27EF2E32003A833D /* MainChecklistView.swift */,
				CD27606E27EF355A003A833D /* MainScoreView.swift */,
				CD27607027EF4129003A833D /* MainTipsView.swift */,
				CD27607627EF9D14003A833D /* MainTipDetailView.swift */,
				CDA4C76527EE5EC5003A0B94 /* AboutView.swift */,
				CDA4C76727EE5FB0003A0B94 /* AboutAppInfoView.swift */,
				CDA4C76927EE5FC8003A0B94 /* AboutDisclaimerView.swift */,
				CDA4C76B27EE5FDB003A0B94 /* AboutThanksView.swift */,
				CDA4C76D27EE5FF1003A0B94 /* AboutAttributionsView.swift */,
				CD27606827EF0136003A833D /* Localizable.strings */,
				CD27607427EF6F65003A833D /* ActivityViewController.swift */,
				CDA4C74127EE5E56003A0B94 /* Preview Content */,
			);
			path = "Babysafe Home AR iOS SwiftUI";
			sourceTree = "<group>";
		};
		CDA4C74127EE5E56003A0B94 /* Preview Content */ = {
			isa = PBXGroup;
			children = (
				CDA4C74227EE5E56003A0B94 /* Preview Assets.xcassets */,
			);
			path = "Preview Content";
			sourceTree = "<group>";
		};
		CDA4C74B27EE5E57003A0B94 /* Babysafe Home AR iOS SwiftUITests */ = {
			isa = PBXGroup;
			children = (
				CDA4C74C27EE5E57003A0B94 /* Babysafe_Home_AR_iOS_SwiftUITests.swift */,
			);
			path = "Babysafe Home AR iOS SwiftUITests";
			sourceTree = "<group>";
		};
		CDA4C75527EE5E57003A0B94 /* Babysafe Home AR iOS SwiftUIUITests */ = {
			isa = PBXGroup;
			children = (
				CDA4C75627EE5E57003A0B94 /* Babysafe_Home_AR_iOS_SwiftUIUITests.swift */,
				CDA4C75827EE5E57003A0B94 /* Babysafe_Home_AR_iOS_SwiftUIUITestsLaunchTests.swift */,
			);
			path = "Babysafe Home AR iOS SwiftUIUITests";
			sourceTree = "<group>";
		};
/* End PBXGroup section */

/* Begin PBXNativeTarget section */
		CDA4C73727EE5E54003A0B94 /* Babysafe Home AR iOS SwiftUI */ = {
			isa = PBXNativeTarget;
			buildConfigurationList = CDA4C75C27EE5E57003A0B94 /* Build configuration list for PBXNativeTarget "Babysafe Home AR iOS SwiftUI" */;
			buildPhases = (
				CDA4C73427EE5E54003A0B94 /* Sources */,
				CDA4C73527EE5E54003A0B94 /* Frameworks */,
				CDA4C73627EE5E54003A0B94 /* Resources */,
			);
			buildRules = (
			);
			dependencies = (
			);
			name = "Babysafe Home AR iOS SwiftUI";
			productName = "Babysafe Home AR iOS SwiftUI";
			productReference = CDA4C73827EE5E54003A0B94 /* Babysafe Home AR iOS SwiftUI.app */;
			productType = "com.apple.product-type.application";
		};
		CDA4C74727EE5E57003A0B94 /* Babysafe Home AR iOS SwiftUITests */ = {
			isa = PBXNativeTarget;
			buildConfigurationList = CDA4C75F27EE5E57003A0B94 /* Build configuration list for PBXNativeTarget "Babysafe Home AR iOS SwiftUITests" */;
			buildPhases = (
				CDA4C74427EE5E57003A0B94 /* Sources */,
				CDA4C74527EE5E57003A0B94 /* Frameworks */,
				CDA4C74627EE5E57003A0B94 /* Resources */,
			);
			buildRules = (
			);
			dependencies = (
				CDA4C74A27EE5E57003A0B94 /* PBXTargetDependency */,
			);
			name = "Babysafe Home AR iOS SwiftUITests";
			productName = "Babysafe Home AR iOS SwiftUITests";
			productReference = CDA4C74827EE5E57003A0B94 /* Babysafe Home AR iOS SwiftUITests.xctest */;
			productType = "com.apple.product-type.bundle.unit-test";
		};
		CDA4C75127EE5E57003A0B94 /* Babysafe Home AR iOS SwiftUIUITests */ = {
			isa = PBXNativeTarget;
			buildConfigurationList = CDA4C76227EE5E57003A0B94 /* Build configuration list for PBXNativeTarget "Babysafe Home AR iOS SwiftUIUITests" */;
			buildPhases = (
				CDA4C74E27EE5E57003A0B94 /* Sources */,
				CDA4C74F27EE5E57003A0B94 /* Frameworks */,
				CDA4C75027EE5E57003A0B94 /* Resources */,
			);
			buildRules = (
			);
			dependencies = (
				CDA4C75427EE5E57003A0B94 /* PBXTargetDependency */,
			);
			name = "Babysafe Home AR iOS SwiftUIUITests";
			productName = "Babysafe Home AR iOS SwiftUIUITests";
			productReference = CDA4C75227EE5E57003A0B94 /* Babysafe Home AR iOS SwiftUIUITests.xctest */;
			productType = "com.apple.product-type.bundle.ui-testing";
		};
/* End PBXNativeTarget section */

/* Begin PBXProject section */
		CDA4C73027EE5E53003A0B94 /* Project object */ = {
			isa = PBXProject;
			attributes = {
				BuildIndependentTargetsInParallel = 1;
				LastSwiftUpdateCheck = 1330;
				LastUpgradeCheck = 1330;
				TargetAttributes = {
					CDA4C73727EE5E54003A0B94 = {
						CreatedOnToolsVersion = 13.3;
					};
					CDA4C74727EE5E57003A0B94 = {
						CreatedOnToolsVersion = 13.3;
						TestTargetID = CDA4C73727EE5E54003A0B94;
					};
					CDA4C75127EE5E57003A0B94 = {
						CreatedOnToolsVersion = 13.3;
						TestTargetID = CDA4C73727EE5E54003A0B94;
					};
				};
			};
			buildConfigurationList = CDA4C73327EE5E53003A0B94 /* Build configuration list for PBXProject "Babysafe Home AR iOS SwiftUI" */;
			compatibilityVersion = "Xcode 13.0";
			developmentRegion = en;
			hasScannedForEncodings = 0;
			knownRegions = (
				en,
				de,
				Base,
			);
			mainGroup = CDA4C72F27EE5E53003A0B94;
			productRefGroup = CDA4C73927EE5E54003A0B94 /* Products */;
			projectDirPath = "";
			projectRoot = "";
			targets = (
				CDA4C73727EE5E54003A0B94 /* Babysafe Home AR iOS SwiftUI */,
				CDA4C74727EE5E57003A0B94 /* Babysafe Home AR iOS SwiftUITests */,
				CDA4C75127EE5E57003A0B94 /* Babysafe Home AR iOS SwiftUIUITests */,
			);
		};
/* End PBXProject section */

/* Begin PBXResourcesBuildPhase section */
		CDA4C73627EE5E54003A0B94 /* Resources */ = {
			isa = PBXResourcesBuildPhase;
			buildActionMask = 2147483647;
			files = (
				CDA4C74327EE5E56003A0B94 /* Preview Assets.xcassets in Resources */,
				CD27606627EF0136003A833D /* Localizable.strings in Resources */,
				CDA4C74027EE5E56003A0B94 /* Assets.xcassets in Resources */,
			);
			runOnlyForDeploymentPostprocessing = 0;
		};
		CDA4C74627EE5E57003A0B94 /* Resources */ = {
			isa = PBXResourcesBuildPhase;
			buildActionMask = 2147483647;
			files = (
			);
			runOnlyForDeploymentPostprocessing = 0;
		};
		CDA4C75027EE5E57003A0B94 /* Resources */ = {
			isa = PBXResourcesBuildPhase;
			buildActionMask = 2147483647;
			files = (
			);
			runOnlyForDeploymentPostprocessing = 0;
		};
/* End PBXResourcesBuildPhase section */

/* Begin PBXSourcesBuildPhase section */
		CDA4C73427EE5E54003A0B94 /* Sources */ = {
			isa = PBXSourcesBuildPhase;
			buildActionMask = 2147483647;
			files = (
				CD3D657927F21C64008CA2CF /* BabyDanger.swift in Sources */,
				CD27606F27EF355A003A833D /* MainScoreView.swift in Sources */,
				CDA4C76827EE5FB0003A0B94 /* AboutAppInfoView.swift in Sources */,
				CDA4C77027EE6EA3003A0B94 /* MainView.swift in Sources */,
				CDA4C73E27EE5E54003A0B94 /* ContentView.swift in Sources */,
				CDA4C76A27EE5FC8003A0B94 /* AboutDisclaimerView.swift in Sources */,
				CD27607127EF4129003A833D /* MainTipsView.swift in Sources */,
				CD27607727EF9D14003A833D /* MainTipDetailView.swift in Sources */,
				CDA4C76C27EE5FDB003A0B94 /* AboutThanksView.swift in Sources */,
				CDA4C76E27EE5FF1003A0B94 /* AboutAttributionsView.swift in Sources */,
				CD27607527EF6F65003A833D /* ActivityViewController.swift in Sources */,
				CD27606D27EF2E32003A833D /* MainChecklistView.swift in Sources */,
				CDA4C76627EE5EC5003A0B94 /* AboutView.swift in Sources */,
				CD27606B27EF09FC003A833D /* MainIntroView.swift in Sources */,
				CDA4C73C27EE5E54003A0B94 /* Babysafe_Home_AR_iOS_SwiftUIApp.swift in Sources */,
			);
			runOnlyForDeploymentPostprocessing = 0;
		};
		CDA4C74427EE5E57003A0B94 /* Sources */ = {
			isa = PBXSourcesBuildPhase;
			buildActionMask = 2147483647;
			files = (
				CDA4C74D27EE5E57003A0B94 /* Babysafe_Home_AR_iOS_SwiftUITests.swift in Sources */,
			);
			runOnlyForDeploymentPostprocessing = 0;
		};
		CDA4C74E27EE5E57003A0B94 /* Sources */ = {
			isa = PBXSourcesBuildPhase;
			buildActionMask = 2147483647;
			files = (
				CDA4C75727EE5E57003A0B94 /* Babysafe_Home_AR_iOS_SwiftUIUITests.swift in Sources */,
				CDA4C75927EE5E57003A0B94 /* Babysafe_Home_AR_iOS_SwiftUIUITestsLaunchTests.swift in Sources */,
			);
			runOnlyForDeploymentPostprocessing = 0;
		};
/* End PBXSourcesBuildPhase section */

/* Begin PBXTargetDependency section */
		CDA4C74A27EE5E57003A0B94 /* PBXTargetDependency */ = {
			isa = PBXTargetDependency;
			target = CDA4C73727EE5E54003A0B94 /* Babysafe Home AR iOS SwiftUI */;
			targetProxy = CDA4C74927EE5E57003A0B94 /* PBXContainerItemProxy */;
		};
		CDA4C75427EE5E57003A0B94 /* PBXTargetDependency */ = {
			isa = PBXTargetDependency;
			target = CDA4C73727EE5E54003A0B94 /* Babysafe Home AR iOS SwiftUI */;
			targetProxy = CDA4C75327EE5E57003A0B94 /* PBXContainerItemProxy */;
		};
/* End PBXTargetDependency section */

/* Begin PBXVariantGroup section */
		CD27606827EF0136003A833D /* Localizable.strings */ = {
			isa = PBXVariantGroup;
			children = (
				CD27606727EF0136003A833D /* en */,
				CD27606927EF0151003A833D /* de */,
			);
			name = Localizable.strings;
			sourceTree = "<group>";
		};
/* End PBXVariantGroup section */

/* Begin XCBuildConfiguration section */
		CDA4C75A27EE5E57003A0B94 /* Debug */ = {
			isa = XCBuildConfiguration;
			buildSettings = {
				ALWAYS_SEARCH_USER_PATHS = NO;
				CLANG_ANALYZER_NONNULL = YES;
				CLANG_ANALYZER_NUMBER_OBJECT_CONVERSION = YES_AGGRESSIVE;
				CLANG_CXX_LANGUAGE_STANDARD = "gnu++17";
				CLANG_ENABLE_MODULES = YES;
				CLANG_ENABLE_OBJC_ARC = YES;
				CLANG_ENABLE_OBJC_WEAK = YES;
				CLANG_WARN_BLOCK_CAPTURE_AUTORELEASING = YES;
				CLANG_WARN_BOOL_CONVERSION = YES;
				CLANG_WARN_COMMA = YES;
				CLANG_WARN_CONSTANT_CONVERSION = YES;
				CLANG_WARN_DEPRECATED_OBJC_IMPLEMENTATIONS = YES;
				CLANG_WARN_DIRECT_OBJC_ISA_USAGE = YES_ERROR;
				CLANG_WARN_DOCUMENTATION_COMMENTS = YES;
				CLANG_WARN_EMPTY_BODY = YES;
				CLANG_WARN_ENUM_CONVERSION = YES;
				CLANG_WARN_INFINITE_RECURSION = YES;
				CLANG_WARN_INT_CONVERSION = YES;
				CLANG_WARN_NON_LITERAL_NULL_CONVERSION = YES;
				CLANG_WARN_OBJC_IMPLICIT_RETAIN_SELF = YES;
				CLANG_WARN_OBJC_LITERAL_CONVERSION = YES;
				CLANG_WARN_OBJC_ROOT_CLASS = YES_ERROR;
				CLANG_WARN_QUOTED_INCLUDE_IN_FRAMEWORK_HEADER = YES;
				CLANG_WARN_RANGE_LOOP_ANALYSIS = YES;
				CLANG_WARN_STRICT_PROTOTYPES = YES;
				CLANG_WARN_SUSPICIOUS_MOVE = YES;
				CLANG_WARN_UNGUARDED_AVAILABILITY = YES_AGGRESSIVE;
				CLANG_WARN_UNREACHABLE_CODE = YES;
				CLANG_WARN__DUPLICATE_METHOD_MATCH = YES;
				COPY_PHASE_STRIP = NO;
				DEBUG_INFORMATION_FORMAT = dwarf;
				ENABLE_STRICT_OBJC_MSGSEND = YES;
				ENABLE_TESTABILITY = YES;
				GCC_C_LANGUAGE_STANDARD = gnu11;
				GCC_DYNAMIC_NO_PIC = NO;
				GCC_NO_COMMON_BLOCKS = YES;
				GCC_OPTIMIZATION_LEVEL = 0;
				GCC_PREPROCESSOR_DEFINITIONS = (
					"DEBUG=1",
					"$(inherited)",
				);
				GCC_WARN_64_TO_32_BIT_CONVERSION = YES;
				GCC_WARN_ABOUT_RETURN_TYPE = YES_ERROR;
				GCC_WARN_UNDECLARED_SELECTOR = YES;
				GCC_WARN_UNINITIALIZED_AUTOS = YES_AGGRESSIVE;
				GCC_WARN_UNUSED_FUNCTION = YES;
				GCC_WARN_UNUSED_VARIABLE = YES;
				IPHONEOS_DEPLOYMENT_TARGET = 15.0;
				MTL_ENABLE_DEBUG_INFO = INCLUDE_SOURCE;
				MTL_FAST_MATH = YES;
				ONLY_ACTIVE_ARCH = YES;
				SDKROOT = iphoneos;
				SWIFT_ACTIVE_COMPILATION_CONDITIONS = DEBUG;
				SWIFT_OPTIMIZATION_LEVEL = "-Onone";
			};
			name = Debug;
		};
		CDA4C75B27EE5E57003A0B94 /* Release */ = {
			isa = XCBuildConfiguration;
			buildSettings = {
				ALWAYS_SEARCH_USER_PATHS = NO;
				CLANG_ANALYZER_NONNULL = YES;
				CLANG_ANALYZER_NUMBER_OBJECT_CONVERSION = YES_AGGRESSIVE;
				CLANG_CXX_LANGUAGE_STANDARD = "gnu++17";
				CLANG_ENABLE_MODULES = YES;
				CLANG_ENABLE_OBJC_ARC = YES;
				CLANG_ENABLE_OBJC_WEAK = YES;
				CLANG_WARN_BLOCK_CAPTURE_AUTORELEASING = YES;
				CLANG_WARN_BOOL_CONVERSION = YES;
				CLANG_WARN_COMMA = YES;
				CLANG_WARN_CONSTANT_CONVERSION = YES;
				CLANG_WARN_DEPRECATED_OBJC_IMPLEMENTATIONS = YES;
				CLANG_WARN_DIRECT_OBJC_ISA_USAGE = YES_ERROR;
				CLANG_WARN_DOCUMENTATION_COMMENTS = YES;
				CLANG_WARN_EMPTY_BODY = YES;
				CLANG_WARN_ENUM_CONVERSION = YES;
				CLANG_WARN_INFINITE_RECURSION = YES;
				CLANG_WARN_INT_CONVERSION = YES;
				CLANG_WARN_NON_LITERAL_NULL_CONVERSION = YES;
				CLANG_WARN_OBJC_IMPLICIT_RETAIN_SELF = YES;
				CLANG_WARN_OBJC_LITERAL_CONVERSION = YES;
				CLANG_WARN_OBJC_ROOT_CLASS = YES_ERROR;
				CLANG_WARN_QUOTED_INCLUDE_IN_FRAMEWORK_HEADER = YES;
				CLANG_WARN_RANGE_LOOP_ANALYSIS = YES;
				CLANG_WARN_STRICT_PROTOTYPES = YES;
				CLANG_WARN_SUSPICIOUS_MOVE = YES;
				CLANG_WARN_UNGUARDED_AVAILABILITY = YES_AGGRESSIVE;
				CLANG_WARN_UNREACHABLE_CODE = YES;
				CLANG_WARN__DUPLICATE_METHOD_MATCH = YES;
				COPY_PHASE_STRIP = NO;
				DEBUG_INFORMATION_FORMAT = "dwarf-with-dsym";
				ENABLE_NS_ASSERTIONS = NO;
				ENABLE_STRICT_OBJC_MSGSEND = YES;
				GCC_C_LANGUAGE_STANDARD = gnu11;
				GCC_NO_COMMON_BLOCKS = YES;
				GCC_WARN_64_TO_32_BIT_CONVERSION = YES;
				GCC_WARN_ABOUT_RETURN_TYPE = YES_ERROR;
				GCC_WARN_UNDECLARED_SELECTOR = YES;
				GCC_WARN_UNINITIALIZED_AUTOS = YES_AGGRESSIVE;
				GCC_WARN_UNUSED_FUNCTION = YES;
				GCC_WARN_UNUSED_VARIABLE = YES;
				IPHONEOS_DEPLOYMENT_TARGET = 15.0;
				MTL_ENABLE_DEBUG_INFO = NO;
				MTL_FAST_MATH = YES;
				SDKROOT = iphoneos;
				SWIFT_COMPILATION_MODE = wholemodule;
				SWIFT_OPTIMIZATION_LEVEL = "-O";
				VALIDATE_PRODUCT = YES;
			};
			name = Release;
		};
		CDA4C75D27EE5E57003A0B94 /* Debug */ = {
			isa = XCBuildConfiguration;
			buildSettings = {
				ASSETCATALOG_COMPILER_APPICON_NAME = AppIcon;
				ASSETCATALOG_COMPILER_GLOBAL_ACCENT_COLOR_NAME = AccentColor;
				CODE_SIGN_STYLE = Automatic;
				CURRENT_PROJECT_VERSION = 1;
				DEVELOPMENT_ASSET_PATHS = "\"Babysafe Home AR iOS SwiftUI/Preview Content\"";
				DEVELOPMENT_TEAM = R48PTL8RW5;
				ENABLE_PREVIEWS = YES;
				GENERATE_INFOPLIST_FILE = YES;
				INFOPLIST_KEY_UIApplicationSceneManifest_Generation = YES;
				INFOPLIST_KEY_UIApplicationSupportsIndirectInputEvents = YES;
				INFOPLIST_KEY_UILaunchScreen_Generation = YES;
				INFOPLIST_KEY_UISupportedInterfaceOrientations_iPad = "UIInterfaceOrientationPortrait UIInterfaceOrientationPortraitUpsideDown UIInterfaceOrientationLandscapeLeft UIInterfaceOrientationLandscapeRight";
				INFOPLIST_KEY_UISupportedInterfaceOrientations_iPhone = "UIInterfaceOrientationPortrait UIInterfaceOrientationLandscapeLeft UIInterfaceOrientationLandscapeRight";
				LD_RUNPATH_SEARCH_PATHS = (
					"$(inherited)",
					"@executable_path/Frameworks",
				);
				MARKETING_VERSION = 1.0;
				PRODUCT_BUNDLE_IDENTIFIER = "at.techbee.Babysafe-Home-AR-iOS-SwiftUI";
				PRODUCT_NAME = "$(TARGET_NAME)";
				SWIFT_EMIT_LOC_STRINGS = YES;
				SWIFT_VERSION = 5.0;
				TARGETED_DEVICE_FAMILY = "1,2";
			};
			name = Debug;
		};
		CDA4C75E27EE5E57003A0B94 /* Release */ = {
			isa = XCBuildConfiguration;
			buildSettings = {
				ASSETCATALOG_COMPILER_APPICON_NAME = AppIcon;
				ASSETCATALOG_COMPILER_GLOBAL_ACCENT_COLOR_NAME = AccentColor;
				CODE_SIGN_STYLE = Automatic;
				CURRENT_PROJECT_VERSION = 1;
				DEVELOPMENT_ASSET_PATHS = "\"Babysafe Home AR iOS SwiftUI/Preview Content\"";
				DEVELOPMENT_TEAM = R48PTL8RW5;
				ENABLE_PREVIEWS = YES;
				GENERATE_INFOPLIST_FILE = YES;
				INFOPLIST_KEY_UIApplicationSceneManifest_Generation = YES;
				INFOPLIST_KEY_UIApplicationSupportsIndirectInputEvents = YES;
				INFOPLIST_KEY_UILaunchScreen_Generation = YES;
				INFOPLIST_KEY_UISupportedInterfaceOrientations_iPad = "UIInterfaceOrientationPortrait UIInterfaceOrientationPortraitUpsideDown UIInterfaceOrientationLandscapeLeft UIInterfaceOrientationLandscapeRight";
				INFOPLIST_KEY_UISupportedInterfaceOrientations_iPhone = "UIInterfaceOrientationPortrait UIInterfaceOrientationLandscapeLeft UIInterfaceOrientationLandscapeRight";
				LD_RUNPATH_SEARCH_PATHS = (
					"$(inherited)",
					"@executable_path/Frameworks",
				);
				MARKETING_VERSION = 1.0;
				PRODUCT_BUNDLE_IDENTIFIER = "at.techbee.Babysafe-Home-AR-iOS-SwiftUI";
				PRODUCT_NAME = "$(TARGET_NAME)";
				SWIFT_EMIT_LOC_STRINGS = YES;
				SWIFT_VERSION = 5.0;
				TARGETED_DEVICE_FAMILY = "1,2";
			};
			name = Release;
		};
		CDA4C76027EE5E57003A0B94 /* Debug */ = {
			isa = XCBuildConfiguration;
			buildSettings = {
				ALWAYS_EMBED_SWIFT_STANDARD_LIBRARIES = YES;
				BUNDLE_LOADER = "$(TEST_HOST)";
				CODE_SIGN_STYLE = Automatic;
				CURRENT_PROJECT_VERSION = 1;
				DEVELOPMENT_TEAM = R48PTL8RW5;
				GENERATE_INFOPLIST_FILE = YES;
				IPHONEOS_DEPLOYMENT_TARGET = 15.4;
				MARKETING_VERSION = 1.0;
				PRODUCT_BUNDLE_IDENTIFIER = "at.techbee.Babysafe-Home-AR-iOS-SwiftUITests";
				PRODUCT_NAME = "$(TARGET_NAME)";
				SWIFT_EMIT_LOC_STRINGS = NO;
				SWIFT_VERSION = 5.0;
				TARGETED_DEVICE_FAMILY = "1,2";
				TEST_HOST = "$(BUILT_PRODUCTS_DIR)/Babysafe Home AR iOS SwiftUI.app/Babysafe Home AR iOS SwiftUI";
			};
			name = Debug;
		};
		CDA4C76127EE5E57003A0B94 /* Release */ = {
			isa = XCBuildConfiguration;
			buildSettings = {
				ALWAYS_EMBED_SWIFT_STANDARD_LIBRARIES = YES;
				BUNDLE_LOADER = "$(TEST_HOST)";
				CODE_SIGN_STYLE = Automatic;
				CURRENT_PROJECT_VERSION = 1;
				DEVELOPMENT_TEAM = R48PTL8RW5;
				GENERATE_INFOPLIST_FILE = YES;
				IPHONEOS_DEPLOYMENT_TARGET = 15.4;
				MARKETING_VERSION = 1.0;
				PRODUCT_BUNDLE_IDENTIFIER = "at.techbee.Babysafe-Home-AR-iOS-SwiftUITests";
				PRODUCT_NAME = "$(TARGET_NAME)";
				SWIFT_EMIT_LOC_STRINGS = NO;
				SWIFT_VERSION = 5.0;
				TARGETED_DEVICE_FAMILY = "1,2";
				TEST_HOST = "$(BUILT_PRODUCTS_DIR)/Babysafe Home AR iOS SwiftUI.app/Babysafe Home AR iOS SwiftUI";
			};
			name = Release;
		};
		CDA4C76327EE5E57003A0B94 /* Debug */ = {
			isa = XCBuildConfiguration;
			buildSettings = {
				ALWAYS_EMBED_SWIFT_STANDARD_LIBRARIES = YES;
				CODE_SIGN_STYLE = Automatic;
				CURRENT_PROJECT_VERSION = 1;
				DEVELOPMENT_TEAM = R48PTL8RW5;
				GENERATE_INFOPLIST_FILE = YES;
				MARKETING_VERSION = 1.0;
				PRODUCT_BUNDLE_IDENTIFIER = "at.techbee.Babysafe-Home-AR-iOS-SwiftUIUITests";
				PRODUCT_NAME = "$(TARGET_NAME)";
				SWIFT_EMIT_LOC_STRINGS = NO;
				SWIFT_VERSION = 5.0;
				TARGETED_DEVICE_FAMILY = "1,2";
				TEST_TARGET_NAME = "Babysafe Home AR iOS SwiftUI";
			};
			name = Debug;
		};
		CDA4C76427EE5E57003A0B94 /* Release */ = {
			isa = XCBuildConfiguration;
			buildSettings = {
				ALWAYS_EMBED_SWIFT_STANDARD_LIBRARIES = YES;
				CODE_SIGN_STYLE = Automatic;
				CURRENT_PROJECT_VERSION = 1;
				DEVELOPMENT_TEAM = R48PTL8RW5;
				GENERATE_INFOPLIST_FILE = YES;
				MARKETING_VERSION = 1.0;
				PRODUCT_BUNDLE_IDENTIFIER = "at.techbee.Babysafe-Home-AR-iOS-SwiftUIUITests";
				PRODUCT_NAME = "$(TARGET_NAME)";
				SWIFT_EMIT_LOC_STRINGS = NO;
				SWIFT_VERSION = 5.0;
				TARGETED_DEVICE_FAMILY = "1,2";
				TEST_TARGET_NAME = "Babysafe Home AR iOS SwiftUI";
			};
			name = Release;
		};
/* End XCBuildConfiguration section */

/* Begin XCConfigurationList section */
		CDA4C73327EE5E53003A0B94 /* Build configuration list for PBXProject "Babysafe Home AR iOS SwiftUI" */ = {
			isa = XCConfigurationList;
			buildConfigurations = (
				CDA4C75A27EE5E57003A0B94 /* Debug */,
				CDA4C75B27EE5E57003A0B94 /* Release */,
			);
			defaultConfigurationIsVisible = 0;
			defaultConfigurationName = Release;
		};
		CDA4C75C27EE5E57003A0B94 /* Build configuration list for PBXNativeTarget "Babysafe Home AR iOS SwiftUI" */ = {
			isa = XCConfigurationList;
			buildConfigurations = (
				CDA4C75D27EE5E57003A0B94 /* Debug */,
				CDA4C75E27EE5E57003A0B94 /* Release */,
			);
			defaultConfigurationIsVisible = 0;
			defaultConfigurationName = Release;
		};
		CDA4C75F27EE5E57003A0B94 /* Build configuration list for PBXNativeTarget "Babysafe Home AR iOS SwiftUITests" */ = {
			isa = XCConfigurationList;
			buildConfigurations = (
				CDA4C76027EE5E57003A0B94 /* Debug */,
				CDA4C76127EE5E57003A0B94 /* Release */,
			);
			defaultConfigurationIsVisible = 0;
			defaultConfigurationName = Release;
		};
		CDA4C76227EE5E57003A0B94 /* Build configuration list for PBXNativeTarget "Babysafe Home AR iOS SwiftUIUITests" */ = {
			isa = XCConfigurationList;
			buildConfigurations = (
				CDA4C76327EE5E57003A0B94 /* Debug */,
				CDA4C76427EE5E57003A0B94 /* Release */,
			);
			defaultConfigurationIsVisible = 0;
			defaultConfigurationName = Release;
		};
/* End XCConfigurationList section */
	};
	rootObject = CDA4C73027EE5E53003A0B94 /* Project object */;
}
