// !$*UTF8*$!
{
	archiveVersion = 1;
	classes = {
	};
	objectVersion = 55;
	objects = {

/* Begin PBXBuildFile section */
		0C72344A8F9285E6341E0617 /* Pods_Babysafe_Home_AR_iOS_SwiftUI.framework in Frameworks */ = {isa = PBXBuildFile; fileRef = FE6B2BAB418669918E51C38C /* Pods_Babysafe_Home_AR_iOS_SwiftUI.framework */; };
		B046F10D52401E4BE03E3430 /* Pods_Babysafe_Home_AR_iOS_SwiftUI_Babysafe_Home_AR_iOS_SwiftUIUITests.framework in Frameworks */ = {isa = PBXBuildFile; fileRef = 8339E7F3613EF4B8D55B4F4A /* Pods_Babysafe_Home_AR_iOS_SwiftUI_Babysafe_Home_AR_iOS_SwiftUIUITests.framework */; };
		CD1162302802C0050053E923 /* ConfettiSwiftUI in Frameworks */ = {isa = PBXBuildFile; productRef = CD11622F2802C0050053E923 /* ConfettiSwiftUI */; };
		CD1162322802D8980053E923 /* AboutLibrariesView.swift in Sources */ = {isa = PBXBuildFile; fileRef = CD1162312802D8980053E923 /* AboutLibrariesView.swift */; };
		CD1C94CB27FCDA8F0078C1D4 /* SafetyTip.swift in Sources */ = {isa = PBXBuildFile; fileRef = CD1C94CA27FCDA8F0078C1D4 /* SafetyTip.swift */; };
		CD27606627EF0136003A833D /* Localizable.strings in Resources */ = {isa = PBXBuildFile; fileRef = CD27606827EF0136003A833D /* Localizable.strings */; };
		CD27606B27EF09FC003A833D /* MainIntroView.swift in Sources */ = {isa = PBXBuildFile; fileRef = CD27606A27EF09FC003A833D /* MainIntroView.swift */; };
		CD27606D27EF2E32003A833D /* MainChecklistView.swift in Sources */ = {isa = PBXBuildFile; fileRef = CD27606C27EF2E32003A833D /* MainChecklistView.swift */; };
		CD27606F27EF355A003A833D /* MainScoreView.swift in Sources */ = {isa = PBXBuildFile; fileRef = CD27606E27EF355A003A833D /* MainScoreView.swift */; };
		CD27607127EF4129003A833D /* MainTipsView.swift in Sources */ = {isa = PBXBuildFile; fileRef = CD27607027EF4129003A833D /* MainTipsView.swift */; };
		CD27607527EF6F65003A833D /* ActivityViewController.swift in Sources */ = {isa = PBXBuildFile; fileRef = CD27607427EF6F65003A833D /* ActivityViewController.swift */; };
		CD27607727EF9D14003A833D /* MainTipDetailView.swift in Sources */ = {isa = PBXBuildFile; fileRef = CD27607627EF9D14003A833D /* MainTipDetailView.swift */; };
		CD3D657927F21C64008CA2CF /* BabyDanger.swift in Sources */ = {isa = PBXBuildFile; fileRef = CD3D657827F21C64008CA2CF /* BabyDanger.swift */; };
		CD47B19D27F63B1D000D526F /* ChecklistItemView.swift in Sources */ = {isa = PBXBuildFile; fileRef = CD47B19C27F63B1D000D526F /* ChecklistItemView.swift */; };
		CD490E5827F4B7B100BFB504 /* lite-model_object_detection_mobile_object_labeler_v1_1.tflite in Resources */ = {isa = PBXBuildFile; fileRef = CD490E5727F4B7B100BFB504 /* lite-model_object_detection_mobile_object_labeler_v1_1.tflite */; };
		CD490E5C27F4E51300BFB504 /* BabysafeViewModel.swift in Sources */ = {isa = PBXBuildFile; fileRef = CD490E5B27F4E51200BFB504 /* BabysafeViewModel.swift */; };
		CD6C8A78280302870069720E /* InfoPlist.strings in Resources */ = {isa = PBXBuildFile; fileRef = CD6C8A7A280302870069720E /* InfoPlist.strings */; };
		CD8D32F627F2F7A50058D54B /* Shop.swift in Sources */ = {isa = PBXBuildFile; fileRef = CD8D32F527F2F7A50058D54B /* Shop.swift */; };
		CD8D32F827F2FB2D0058D54B /* ShopCountry.swift in Sources */ = {isa = PBXBuildFile; fileRef = CD8D32F727F2FB2C0058D54B /* ShopCountry.swift */; };
		CD8D330027F333B40058D54B /* CameraView.swift in Sources */ = {isa = PBXBuildFile; fileRef = CD8D32FF27F333B40058D54B /* CameraView.swift */; };
		CDA4C73C27EE5E54003A0B94 /* BabysafeHomeARApp.swift in Sources */ = {isa = PBXBuildFile; fileRef = CDA4C73B27EE5E54003A0B94 /* BabysafeHomeARApp.swift */; };
		CDA4C73E27EE5E54003A0B94 /* ContentView.swift in Sources */ = {isa = PBXBuildFile; fileRef = CDA4C73D27EE5E54003A0B94 /* ContentView.swift */; };
		CDA4C74027EE5E56003A0B94 /* Assets.xcassets in Resources */ = {isa = PBXBuildFile; fileRef = CDA4C73F27EE5E56003A0B94 /* Assets.xcassets */; };
		CDA4C74327EE5E56003A0B94 /* Preview Assets.xcassets in Resources */ = {isa = PBXBuildFile; fileRef = CDA4C74227EE5E56003A0B94 /* Preview Assets.xcassets */; };
		CDA4C74D27EE5E57003A0B94 /* Babysafe_Home_AR_iOS_SwiftUITests.swift in Sources */ = {isa = PBXBuildFile; fileRef = CDA4C74C27EE5E57003A0B94 /* Babysafe_Home_AR_iOS_SwiftUITests.swift */; };
		CDA4C75727EE5E57003A0B94 /* Babysafe_Home_AR_iOS_SwiftUIUITests.swift in Sources */ = {isa = PBXBuildFile; fileRef = CDA4C75627EE5E57003A0B94 /* Babysafe_Home_AR_iOS_SwiftUIUITests.swift */; };
		CDA4C75927EE5E57003A0B94 /* Babysafe_Home_AR_iOS_SwiftUIUITestsLaunchTests.swift in Sources */ = {isa = PBXBuildFile; fileRef = CDA4C75827EE5E57003A0B94 /* Babysafe_Home_AR_iOS_SwiftUIUITestsLaunchTests.swift */; };
		CDA4C76627EE5EC5003A0B94 /* AboutView.swift in Sources */ = {isa = PBXBuildFile; fileRef = CDA4C76527EE5EC5003A0B94 /* AboutView.swift */; };
		CDA4C76827EE5FB0003A0B94 /* AboutAppInfoView.swift in Sources */ = {isa = PBXBuildFile; fileRef = CDA4C76727EE5FB0003A0B94 /* AboutAppInfoView.swift */; };
		CDA4C76A27EE5FC8003A0B94 /* AboutDisclaimerView.swift in Sources */ = {isa = PBXBuildFile; fileRef = CDA4C76927EE5FC8003A0B94 /* AboutDisclaimerView.swift */; };
		CDA4C76C27EE5FDB003A0B94 /* AboutThanksView.swift in Sources */ = {isa = PBXBuildFile; fileRef = CDA4C76B27EE5FDB003A0B94 /* AboutThanksView.swift */; };
		CDA4C76E27EE5FF1003A0B94 /* AboutAttributionsView.swift in Sources */ = {isa = PBXBuildFile; fileRef = CDA4C76D27EE5FF1003A0B94 /* AboutAttributionsView.swift */; };
		CDA4C77027EE6EA3003A0B94 /* MainView.swift in Sources */ = {isa = PBXBuildFile; fileRef = CDA4C76F27EE6EA3003A0B94 /* MainView.swift */; };
		CDC1E91928003D840052F161 /* LaunchScreen.storyboard in Resources */ = {isa = PBXBuildFile; fileRef = CDC1E91828003D840052F161 /* LaunchScreen.storyboard */; };
		EAB450F042316072E5A6EC01 /* Pods_Babysafe_Home_AR_iOS_SwiftUITests.framework in Frameworks */ = {isa = PBXBuildFile; fileRef = 239B2E28D6B2C1C30D38AC75 /* Pods_Babysafe_Home_AR_iOS_SwiftUITests.framework */; };
/* End PBXBuildFile section */

/* Begin PBXContainerItemProxy section */
		CDA4C74927EE5E57003A0B94 /* PBXContainerItemProxy */ = {
			isa = PBXContainerItemProxy;
			containerPortal = CDA4C73027EE5E53003A0B94 /* Project object */;
			proxyType = 1;
			remoteGlobalIDString = CDA4C73727EE5E54003A0B94;
			remoteInfo = "Babysafe Home AR iOS SwiftUI";
		};
		CDA4C75327EE5E57003A0B94 /* PBXContainerItemProxy */ = {
			isa = PBXContainerItemProxy;
			containerPortal = CDA4C73027EE5E53003A0B94 /* Project object */;
			proxyType = 1;
			remoteGlobalIDString = CDA4C73727EE5E54003A0B94;
			remoteInfo = "Babysafe Home AR iOS SwiftUI";
		};
/* End PBXContainerItemProxy section */

/* Begin PBXFileReference section */
		017B367D7E886563460BC77D /* Pods-Babysafe Home AR iOS SwiftUI-Babysafe Home AR iOS SwiftUIUITests.release.xcconfig */ = {isa = PBXFileReference; includeInIndex = 1; lastKnownFileType = text.xcconfig; name = "Pods-Babysafe Home AR iOS SwiftUI-Babysafe Home AR iOS SwiftUIUITests.release.xcconfig"; path = "Target Support Files/Pods-Babysafe Home AR iOS SwiftUI-Babysafe Home AR iOS SwiftUIUITests/Pods-Babysafe Home AR iOS SwiftUI-Babysafe Home AR iOS SwiftUIUITests.release.xcconfig"; sourceTree = "<group>"; };
		2386FAE37BE5458B9753EEB2 /* Pods-Babysafe Home AR iOS SwiftUI-Babysafe Home AR iOS SwiftUIUITests.debug.xcconfig */ = {isa = PBXFileReference; includeInIndex = 1; lastKnownFileType = text.xcconfig; name = "Pods-Babysafe Home AR iOS SwiftUI-Babysafe Home AR iOS SwiftUIUITests.debug.xcconfig"; path = "Target Support Files/Pods-Babysafe Home AR iOS SwiftUI-Babysafe Home AR iOS SwiftUIUITests/Pods-Babysafe Home AR iOS SwiftUI-Babysafe Home AR iOS SwiftUIUITests.debug.xcconfig"; sourceTree = "<group>"; };
		239B2E28D6B2C1C30D38AC75 /* Pods_Babysafe_Home_AR_iOS_SwiftUITests.framework */ = {isa = PBXFileReference; explicitFileType = wrapper.framework; includeInIndex = 0; path = Pods_Babysafe_Home_AR_iOS_SwiftUITests.framework; sourceTree = BUILT_PRODUCTS_DIR; };
		8339E7F3613EF4B8D55B4F4A /* Pods_Babysafe_Home_AR_iOS_SwiftUI_Babysafe_Home_AR_iOS_SwiftUIUITests.framework */ = {isa = PBXFileReference; explicitFileType = wrapper.framework; includeInIndex = 0; path = Pods_Babysafe_Home_AR_iOS_SwiftUI_Babysafe_Home_AR_iOS_SwiftUIUITests.framework; sourceTree = BUILT_PRODUCTS_DIR; };
		98F4495FBB740CE7371BD41C /* Pods-Babysafe Home AR iOS SwiftUI.release.xcconfig */ = {isa = PBXFileReference; includeInIndex = 1; lastKnownFileType = text.xcconfig; name = "Pods-Babysafe Home AR iOS SwiftUI.release.xcconfig"; path = "Target Support Files/Pods-Babysafe Home AR iOS SwiftUI/Pods-Babysafe Home AR iOS SwiftUI.release.xcconfig"; sourceTree = "<group>"; };
		BE3562A027928DFE9796BF96 /* Pods-Babysafe Home AR iOS SwiftUITests.debug.xcconfig */ = {isa = PBXFileReference; includeInIndex = 1; lastKnownFileType = text.xcconfig; name = "Pods-Babysafe Home AR iOS SwiftUITests.debug.xcconfig"; path = "Target Support Files/Pods-Babysafe Home AR iOS SwiftUITests/Pods-Babysafe Home AR iOS SwiftUITests.debug.xcconfig"; sourceTree = "<group>"; };
		C43DD95C65D369B3BCF56479 /* Pods-Babysafe Home AR iOS SwiftUI.debug.xcconfig */ = {isa = PBXFileReference; includeInIndex = 1; lastKnownFileType = text.xcconfig; name = "Pods-Babysafe Home AR iOS SwiftUI.debug.xcconfig"; path = "Target Support Files/Pods-Babysafe Home AR iOS SwiftUI/Pods-Babysafe Home AR iOS SwiftUI.debug.xcconfig"; sourceTree = "<group>"; };
		CD1162312802D8980053E923 /* AboutLibrariesView.swift */ = {isa = PBXFileReference; lastKnownFileType = sourcecode.swift; path = AboutLibrariesView.swift; sourceTree = "<group>"; };
		CD1C94CA27FCDA8F0078C1D4 /* SafetyTip.swift */ = {isa = PBXFileReference; lastKnownFileType = sourcecode.swift; path = SafetyTip.swift; sourceTree = "<group>"; };
		CD27606727EF0136003A833D /* en */ = {isa = PBXFileReference; lastKnownFileType = text.plist.strings; name = en; path = en.lproj/Localizable.strings; sourceTree = "<group>"; };
		CD27606927EF0151003A833D /* de */ = {isa = PBXFileReference; lastKnownFileType = text.plist.strings; name = de; path = de.lproj/Localizable.strings; sourceTree = "<group>"; };
		CD27606A27EF09FC003A833D /* MainIntroView.swift */ = {isa = PBXFileReference; lastKnownFileType = sourcecode.swift; path = MainIntroView.swift; sourceTree = "<group>"; };
		CD27606C27EF2E32003A833D /* MainChecklistView.swift */ = {isa = PBXFileReference; lastKnownFileType = sourcecode.swift; path = MainChecklistView.swift; sourceTree = "<group>"; };
		CD27606E27EF355A003A833D /* MainScoreView.swift */ = {isa = PBXFileReference; lastKnownFileType = sourcecode.swift; path = MainScoreView.swift; sourceTree = "<group>"; };
		CD27607027EF4129003A833D /* MainTipsView.swift */ = {isa = PBXFileReference; lastKnownFileType = sourcecode.swift; path = MainTipsView.swift; sourceTree = "<group>"; };
		CD27607427EF6F65003A833D /* ActivityViewController.swift */ = {isa = PBXFileReference; lastKnownFileType = sourcecode.swift; path = ActivityViewController.swift; sourceTree = "<group>"; };
		CD27607627EF9D14003A833D /* MainTipDetailView.swift */ = {isa = PBXFileReference; lastKnownFileType = sourcecode.swift; path = MainTipDetailView.swift; sourceTree = "<group>"; };
		CD3D657827F21C64008CA2CF /* BabyDanger.swift */ = {isa = PBXFileReference; lastKnownFileType = sourcecode.swift; path = BabyDanger.swift; sourceTree = "<group>"; };
		CD409FB8281EBB1B0076FC4B /* pt-PT */ = {isa = PBXFileReference; lastKnownFileType = text.plist.strings; name = "pt-PT"; path = "pt-PT.lproj/Localizable.strings"; sourceTree = "<group>"; };
		CD409FB9281EBB1B0076FC4B /* pt-PT */ = {isa = PBXFileReference; lastKnownFileType = text.plist.strings; name = "pt-PT"; path = "pt-PT.lproj/InfoPlist.strings"; sourceTree = "<group>"; };
		CD409FBA281EBB230076FC4B /* fr */ = {isa = PBXFileReference; lastKnownFileType = text.plist.strings; name = fr; path = fr.lproj/Localizable.strings; sourceTree = "<group>"; };
		CD409FBB281EBB230076FC4B /* fr */ = {isa = PBXFileReference; lastKnownFileType = text.plist.strings; name = fr; path = fr.lproj/InfoPlist.strings; sourceTree = "<group>"; };
		CD438087281DC90000D30DB8 /* el */ = {isa = PBXFileReference; lastKnownFileType = text.plist.strings; name = el; path = el.lproj/Localizable.strings; sourceTree = "<group>"; };
		CD438088281DC90000D30DB8 /* el */ = {isa = PBXFileReference; lastKnownFileType = text.plist.strings; name = el; path = el.lproj/InfoPlist.strings; sourceTree = "<group>"; };
		CD47B19C27F63B1D000D526F /* ChecklistItemView.swift */ = {isa = PBXFileReference; lastKnownFileType = sourcecode.swift; path = ChecklistItemView.swift; sourceTree = "<group>"; };
		CD490E5727F4B7B100BFB504 /* lite-model_object_detection_mobile_object_labeler_v1_1.tflite */ = {isa = PBXFileReference; lastKnownFileType = file; path = "lite-model_object_detection_mobile_object_labeler_v1_1.tflite"; sourceTree = "<group>"; };
		CD490E5B27F4E51200BFB504 /* BabysafeViewModel.swift */ = {isa = PBXFileReference; lastKnownFileType = sourcecode.swift; path = BabysafeViewModel.swift; sourceTree = "<group>"; };
		CD6C8A79280302870069720E /* en */ = {isa = PBXFileReference; lastKnownFileType = text.plist.strings; name = en; path = en.lproj/InfoPlist.strings; sourceTree = "<group>"; };
		CD6C8A7B280302890069720E /* de */ = {isa = PBXFileReference; lastKnownFileType = text.plist.strings; name = de; path = de.lproj/InfoPlist.strings; sourceTree = "<group>"; };
		CD8D32F527F2F7A50058D54B /* Shop.swift */ = {isa = PBXFileReference; lastKnownFileType = sourcecode.swift; path = Shop.swift; sourceTree = "<group>"; };
		CD8D32F727F2FB2C0058D54B /* ShopCountry.swift */ = {isa = PBXFileReference; lastKnownFileType = sourcecode.swift; path = ShopCountry.swift; sourceTree = "<group>"; };
		CD8D32FF27F333B40058D54B /* CameraView.swift */ = {isa = PBXFileReference; lastKnownFileType = sourcecode.swift; path = CameraView.swift; sourceTree = "<group>"; };
		CDA4C73827EE5E54003A0B94 /* Babysafe Home AR.app */ = {isa = PBXFileReference; explicitFileType = wrapper.application; includeInIndex = 0; path = "Babysafe Home AR.app"; sourceTree = BUILT_PRODUCTS_DIR; };
		CDA4C73B27EE5E54003A0B94 /* BabysafeHomeARApp.swift */ = {isa = PBXFileReference; lastKnownFileType = sourcecode.swift; path = BabysafeHomeARApp.swift; sourceTree = "<group>"; };
		CDA4C73D27EE5E54003A0B94 /* ContentView.swift */ = {isa = PBXFileReference; lastKnownFileType = sourcecode.swift; path = ContentView.swift; sourceTree = "<group>"; };
		CDA4C73F27EE5E56003A0B94 /* Assets.xcassets */ = {isa = PBXFileReference; lastKnownFileType = folder.assetcatalog; path = Assets.xcassets; sourceTree = "<group>"; };
		CDA4C74227EE5E56003A0B94 /* Preview Assets.xcassets */ = {isa = PBXFileReference; lastKnownFileType = folder.assetcatalog; path = "Preview Assets.xcassets"; sourceTree = "<group>"; };
		CDA4C74827EE5E57003A0B94 /* Babysafe Home AR iOS SwiftUITests.xctest */ = {isa = PBXFileReference; explicitFileType = wrapper.cfbundle; includeInIndex = 0; path = "Babysafe Home AR iOS SwiftUITests.xctest"; sourceTree = BUILT_PRODUCTS_DIR; };
		CDA4C74C27EE5E57003A0B94 /* Babysafe_Home_AR_iOS_SwiftUITests.swift */ = {isa = PBXFileReference; lastKnownFileType = sourcecode.swift; path = Babysafe_Home_AR_iOS_SwiftUITests.swift; sourceTree = "<group>"; };
		CDA4C75227EE5E57003A0B94 /* Babysafe Home AR iOS SwiftUIUITests.xctest */ = {isa = PBXFileReference; explicitFileType = wrapper.cfbundle; includeInIndex = 0; path = "Babysafe Home AR iOS SwiftUIUITests.xctest"; sourceTree = BUILT_PRODUCTS_DIR; };
		CDA4C75627EE5E57003A0B94 /* Babysafe_Home_AR_iOS_SwiftUIUITests.swift */ = {isa = PBXFileReference; lastKnownFileType = sourcecode.swift; path = Babysafe_Home_AR_iOS_SwiftUIUITests.swift; sourceTree = "<group>"; };
		CDA4C75827EE5E57003A0B94 /* Babysafe_Home_AR_iOS_SwiftUIUITestsLaunchTests.swift */ = {isa = PBXFileReference; lastKnownFileType = sourcecode.swift; path = Babysafe_Home_AR_iOS_SwiftUIUITestsLaunchTests.swift; sourceTree = "<group>"; };
		CDA4C76527EE5EC5003A0B94 /* AboutView.swift */ = {isa = PBXFileReference; lastKnownFileType = sourcecode.swift; path = AboutView.swift; sourceTree = "<group>"; };
		CDA4C76727EE5FB0003A0B94 /* AboutAppInfoView.swift */ = {isa = PBXFileReference; lastKnownFileType = sourcecode.swift; path = AboutAppInfoView.swift; sourceTree = "<group>"; };
		CDA4C76927EE5FC8003A0B94 /* AboutDisclaimerView.swift */ = {isa = PBXFileReference; lastKnownFileType = sourcecode.swift; path = AboutDisclaimerView.swift; sourceTree = "<group>"; };
		CDA4C76B27EE5FDB003A0B94 /* AboutThanksView.swift */ = {isa = PBXFileReference; lastKnownFileType = sourcecode.swift; path = AboutThanksView.swift; sourceTree = "<group>"; };
		CDA4C76D27EE5FF1003A0B94 /* AboutAttributionsView.swift */ = {isa = PBXFileReference; lastKnownFileType = sourcecode.swift; path = AboutAttributionsView.swift; sourceTree = "<group>"; };
		CDA4C76F27EE6EA3003A0B94 /* MainView.swift */ = {isa = PBXFileReference; lastKnownFileType = sourcecode.swift; path = MainView.swift; sourceTree = "<group>"; };
		CDC1E91728003CD50052F161 /* Babysafe-Home-AR-iOS-SwiftUI-Info.plist */ = {isa = PBXFileReference; lastKnownFileType = text.plist; path = "Babysafe-Home-AR-iOS-SwiftUI-Info.plist"; sourceTree = SOURCE_ROOT; };
		CDC1E91828003D840052F161 /* LaunchScreen.storyboard */ = {isa = PBXFileReference; lastKnownFileType = file.storyboard; path = LaunchScreen.storyboard; sourceTree = "<group>"; };
		F4ABA1B9B1C6FD15C1B5481D /* Pods-Babysafe Home AR iOS SwiftUITests.release.xcconfig */ = {isa = PBXFileReference; includeInIndex = 1; lastKnownFileType = text.xcconfig; name = "Pods-Babysafe Home AR iOS SwiftUITests.release.xcconfig"; path = "Target Support Files/Pods-Babysafe Home AR iOS SwiftUITests/Pods-Babysafe Home AR iOS SwiftUITests.release.xcconfig"; sourceTree = "<group>"; };
		FE6B2BAB418669918E51C38C /* Pods_Babysafe_Home_AR_iOS_SwiftUI.framework */ = {isa = PBXFileReference; explicitFileType = wrapper.framework; includeInIndex = 0; path = Pods_Babysafe_Home_AR_iOS_SwiftUI.framework; sourceTree = BUILT_PRODUCTS_DIR; };
/* End PBXFileReference section */

/* Begin PBXFrameworksBuildPhase section */
		CDA4C73527EE5E54003A0B94 /* Frameworks */ = {
			isa = PBXFrameworksBuildPhase;
			buildActionMask = 2147483647;
			files = (
				CD1162302802C0050053E923 /* ConfettiSwiftUI in Frameworks */,
				0C72344A8F9285E6341E0617 /* Pods_Babysafe_Home_AR_iOS_SwiftUI.framework in Frameworks */,
			);
			runOnlyForDeploymentPostprocessing = 0;
		};
		CDA4C74527EE5E57003A0B94 /* Frameworks */ = {
			isa = PBXFrameworksBuildPhase;
			buildActionMask = 2147483647;
			files = (
				EAB450F042316072E5A6EC01 /* Pods_Babysafe_Home_AR_iOS_SwiftUITests.framework in Frameworks */,
			);
			runOnlyForDeploymentPostprocessing = 0;
		};
		CDA4C74F27EE5E57003A0B94 /* Frameworks */ = {
			isa = PBXFrameworksBuildPhase;
			buildActionMask = 2147483647;
			files = (
				B046F10D52401E4BE03E3430 /* Pods_Babysafe_Home_AR_iOS_SwiftUI_Babysafe_Home_AR_iOS_SwiftUIUITests.framework in Frameworks */,
			);
			runOnlyForDeploymentPostprocessing = 0;
		};
/* End PBXFrameworksBuildPhase section */

/* Begin PBXGroup section */
		5530FA4CD6CB419DE6E6F31D /* Frameworks */ = {
			isa = PBXGroup;
			children = (
				FE6B2BAB418669918E51C38C /* Pods_Babysafe_Home_AR_iOS_SwiftUI.framework */,
				8339E7F3613EF4B8D55B4F4A /* Pods_Babysafe_Home_AR_iOS_SwiftUI_Babysafe_Home_AR_iOS_SwiftUIUITests.framework */,
				239B2E28D6B2C1C30D38AC75 /* Pods_Babysafe_Home_AR_iOS_SwiftUITests.framework */,
			);
			name = Frameworks;
			sourceTree = "<group>";
		};
		A9D124DC220194A913D0AD48 /* Pods */ = {
			isa = PBXGroup;
			children = (
				C43DD95C65D369B3BCF56479 /* Pods-Babysafe Home AR iOS SwiftUI.debug.xcconfig */,
				98F4495FBB740CE7371BD41C /* Pods-Babysafe Home AR iOS SwiftUI.release.xcconfig */,
				2386FAE37BE5458B9753EEB2 /* Pods-Babysafe Home AR iOS SwiftUI-Babysafe Home AR iOS SwiftUIUITests.debug.xcconfig */,
				017B367D7E886563460BC77D /* Pods-Babysafe Home AR iOS SwiftUI-Babysafe Home AR iOS SwiftUIUITests.release.xcconfig */,
				BE3562A027928DFE9796BF96 /* Pods-Babysafe Home AR iOS SwiftUITests.debug.xcconfig */,
				F4ABA1B9B1C6FD15C1B5481D /* Pods-Babysafe Home AR iOS SwiftUITests.release.xcconfig */,
			);
			path = Pods;
			sourceTree = "<group>";
		};
		CD3D657727F21C50008CA2CF /* Models */ = {
			isa = PBXGroup;
			children = (
				CD3D657827F21C64008CA2CF /* BabyDanger.swift */,
				CD8D32F527F2F7A50058D54B /* Shop.swift */,
				CD8D32F727F2FB2C0058D54B /* ShopCountry.swift */,
				CD1C94CA27FCDA8F0078C1D4 /* SafetyTip.swift */,
			);
			path = Models;
			sourceTree = "<group>";
		};
		CDA4C72F27EE5E53003A0B94 = {
			isa = PBXGroup;
			children = (
				CDA4C73A27EE5E54003A0B94 /* Babysafe Home AR iOS SwiftUI */,
				CDA4C74B27EE5E57003A0B94 /* Babysafe Home AR iOS SwiftUITests */,
				CDA4C75527EE5E57003A0B94 /* Babysafe Home AR iOS SwiftUIUITests */,
				CDA4C73927EE5E54003A0B94 /* Products */,
				A9D124DC220194A913D0AD48 /* Pods */,
				5530FA4CD6CB419DE6E6F31D /* Frameworks */,
			);
			sourceTree = "<group>";
		};
		CDA4C73927EE5E54003A0B94 /* Products */ = {
			isa = PBXGroup;
			children = (
				CDA4C73827EE5E54003A0B94 /* Babysafe Home AR.app */,
				CDA4C74827EE5E57003A0B94 /* Babysafe Home AR iOS SwiftUITests.xctest */,
				CDA4C75227EE5E57003A0B94 /* Babysafe Home AR iOS SwiftUIUITests.xctest */,
			);
			name = Products;
			sourceTree = "<group>";
		};
		CDA4C73A27EE5E54003A0B94 /* Babysafe Home AR iOS SwiftUI */ = {
			isa = PBXGroup;
			children = (
				CDC1E91728003CD50052F161 /* Babysafe-Home-AR-iOS-SwiftUI-Info.plist */,
				CD490E5727F4B7B100BFB504 /* lite-model_object_detection_mobile_object_labeler_v1_1.tflite */,
				CD490E5B27F4E51200BFB504 /* BabysafeViewModel.swift */,
				CD3D657727F21C50008CA2CF /* Models */,
				CDA4C73B27EE5E54003A0B94 /* BabysafeHomeARApp.swift */,
				CDA4C73D27EE5E54003A0B94 /* ContentView.swift */,
				CDA4C73F27EE5E56003A0B94 /* Assets.xcassets */,
				CDA4C76F27EE6EA3003A0B94 /* MainView.swift */,
				CD27606A27EF09FC003A833D /* MainIntroView.swift */,
				CD8D32FF27F333B40058D54B /* CameraView.swift */,
				CD27606C27EF2E32003A833D /* MainChecklistView.swift */,
				CD47B19C27F63B1D000D526F /* ChecklistItemView.swift */,
				CD27606E27EF355A003A833D /* MainScoreView.swift */,
				CD27607027EF4129003A833D /* MainTipsView.swift */,
				CD27607627EF9D14003A833D /* MainTipDetailView.swift */,
				CDA4C76527EE5EC5003A0B94 /* AboutView.swift */,
				CDA4C76727EE5FB0003A0B94 /* AboutAppInfoView.swift */,
				CDA4C76927EE5FC8003A0B94 /* AboutDisclaimerView.swift */,
				CDA4C76B27EE5FDB003A0B94 /* AboutThanksView.swift */,
				CDA4C76D27EE5FF1003A0B94 /* AboutAttributionsView.swift */,
				CD1162312802D8980053E923 /* AboutLibrariesView.swift */,
				CD27606827EF0136003A833D /* Localizable.strings */,
				CD6C8A7A280302870069720E /* InfoPlist.strings */,
				CD27607427EF6F65003A833D /* ActivityViewController.swift */,
				CDA4C74127EE5E56003A0B94 /* Preview Content */,
				CDC1E91828003D840052F161 /* LaunchScreen.storyboard */,
			);
			path = "Babysafe Home AR iOS SwiftUI";
			sourceTree = "<group>";
		};
		CDA4C74127EE5E56003A0B94 /* Preview Content */ = {
			isa = PBXGroup;
			children = (
				CDA4C74227EE5E56003A0B94 /* Preview Assets.xcassets */,
			);
			path = "Preview Content";
			sourceTree = "<group>";
		};
		CDA4C74B27EE5E57003A0B94 /* Babysafe Home AR iOS SwiftUITests */ = {
			isa = PBXGroup;
			children = (
				CDA4C74C27EE5E57003A0B94 /* Babysafe_Home_AR_iOS_SwiftUITests.swift */,
			);
			path = "Babysafe Home AR iOS SwiftUITests";
			sourceTree = "<group>";
		};
		CDA4C75527EE5E57003A0B94 /* Babysafe Home AR iOS SwiftUIUITests */ = {
			isa = PBXGroup;
			children = (
				CDA4C75627EE5E57003A0B94 /* Babysafe_Home_AR_iOS_SwiftUIUITests.swift */,
				CDA4C75827EE5E57003A0B94 /* Babysafe_Home_AR_iOS_SwiftUIUITestsLaunchTests.swift */,
			);
			path = "Babysafe Home AR iOS SwiftUIUITests";
			sourceTree = "<group>";
		};
/* End PBXGroup section */

/* Begin PBXNativeTarget section */
		CDA4C73727EE5E54003A0B94 /* Babysafe Home AR iOS SwiftUI */ = {
			isa = PBXNativeTarget;
			buildConfigurationList = CDA4C75C27EE5E57003A0B94 /* Build configuration list for PBXNativeTarget "Babysafe Home AR iOS SwiftUI" */;
			buildPhases = (
				D0C1383A410D712594DB8E5E /* [CP] Check Pods Manifest.lock */,
				CDA4C73427EE5E54003A0B94 /* Sources */,
				CDA4C73527EE5E54003A0B94 /* Frameworks */,
				CDA4C73627EE5E54003A0B94 /* Resources */,
				837A90EFCA47DCDF0CE14C91 /* [CP] Copy Pods Resources */,
				6CCDFABF0B5FAFC9AC07AC1A /* [CP] Embed Pods Frameworks */,
			);
			buildRules = (
			);
			dependencies = (
			);
			name = "Babysafe Home AR iOS SwiftUI";
			packageProductDependencies = (
				CD11622F2802C0050053E923 /* ConfettiSwiftUI */,
			);
			productName = "Babysafe Home AR iOS SwiftUI";
			productReference = CDA4C73827EE5E54003A0B94 /* Babysafe Home AR.app */;
			productType = "com.apple.product-type.application";
		};
		CDA4C74727EE5E57003A0B94 /* Babysafe Home AR iOS SwiftUITests */ = {
			isa = PBXNativeTarget;
			buildConfigurationList = CDA4C75F27EE5E57003A0B94 /* Build configuration list for PBXNativeTarget "Babysafe Home AR iOS SwiftUITests" */;
			buildPhases = (
				4CA37B34C25CD83BE83E803B /* [CP] Check Pods Manifest.lock */,
				CDA4C74427EE5E57003A0B94 /* Sources */,
				CDA4C74527EE5E57003A0B94 /* Frameworks */,
				CDA4C74627EE5E57003A0B94 /* Resources */,
			);
			buildRules = (
			);
			dependencies = (
				CDA4C74A27EE5E57003A0B94 /* PBXTargetDependency */,
			);
			name = "Babysafe Home AR iOS SwiftUITests";
			productName = "Babysafe Home AR iOS SwiftUITests";
			productReference = CDA4C74827EE5E57003A0B94 /* Babysafe Home AR iOS SwiftUITests.xctest */;
			productType = "com.apple.product-type.bundle.unit-test";
		};
		CDA4C75127EE5E57003A0B94 /* Babysafe Home AR iOS SwiftUIUITests */ = {
			isa = PBXNativeTarget;
			buildConfigurationList = CDA4C76227EE5E57003A0B94 /* Build configuration list for PBXNativeTarget "Babysafe Home AR iOS SwiftUIUITests" */;
			buildPhases = (
				1020E4C50A23A30E0205C11E /* [CP] Check Pods Manifest.lock */,
				CDA4C74E27EE5E57003A0B94 /* Sources */,
				CDA4C74F27EE5E57003A0B94 /* Frameworks */,
				CDA4C75027EE5E57003A0B94 /* Resources */,
				8F97013F794505A50A979068 /* [CP] Copy Pods Resources */,
				41DD2D86D4EAA7911ED3A578 /* [CP] Embed Pods Frameworks */,
			);
			buildRules = (
			);
			dependencies = (
				CDA4C75427EE5E57003A0B94 /* PBXTargetDependency */,
			);
			name = "Babysafe Home AR iOS SwiftUIUITests";
			productName = "Babysafe Home AR iOS SwiftUIUITests";
			productReference = CDA4C75227EE5E57003A0B94 /* Babysafe Home AR iOS SwiftUIUITests.xctest */;
			productType = "com.apple.product-type.bundle.ui-testing";
		};
/* End PBXNativeTarget section */

/* Begin PBXProject section */
		CDA4C73027EE5E53003A0B94 /* Project object */ = {
			isa = PBXProject;
			attributes = {
				BuildIndependentTargetsInParallel = 1;
				LastSwiftUpdateCheck = 1330;
				LastUpgradeCheck = 1330;
				TargetAttributes = {
					CDA4C73727EE5E54003A0B94 = {
						CreatedOnToolsVersion = 13.3;
					};
					CDA4C74727EE5E57003A0B94 = {
						CreatedOnToolsVersion = 13.3;
						TestTargetID = CDA4C73727EE5E54003A0B94;
					};
					CDA4C75127EE5E57003A0B94 = {
						CreatedOnToolsVersion = 13.3;
						TestTargetID = CDA4C73727EE5E54003A0B94;
					};
				};
			};
			buildConfigurationList = CDA4C73327EE5E53003A0B94 /* Build configuration list for PBXProject "Babysafe Home AR iOS SwiftUI" */;
			compatibilityVersion = "Xcode 13.0";
			developmentRegion = en;
			hasScannedForEncodings = 0;
			knownRegions = (
				en,
				de,
				Base,
				el,
				"pt-PT",
				fr,
			);
			mainGroup = CDA4C72F27EE5E53003A0B94;
			packageReferences = (
				CD11622E2802C0050053E923 /* XCRemoteSwiftPackageReference "ConfettiSwiftUI" */,
			);
			productRefGroup = CDA4C73927EE5E54003A0B94 /* Products */;
			projectDirPath = "";
			projectRoot = "";
			targets = (
				CDA4C73727EE5E54003A0B94 /* Babysafe Home AR iOS SwiftUI */,
				CDA4C74727EE5E57003A0B94 /* Babysafe Home AR iOS SwiftUITests */,
				CDA4C75127EE5E57003A0B94 /* Babysafe Home AR iOS SwiftUIUITests */,
			);
		};
/* End PBXProject section */

/* Begin PBXResourcesBuildPhase section */
		CDA4C73627EE5E54003A0B94 /* Resources */ = {
			isa = PBXResourcesBuildPhase;
			buildActionMask = 2147483647;
			files = (
				CD490E5827F4B7B100BFB504 /* lite-model_object_detection_mobile_object_labeler_v1_1.tflite in Resources */,
				CD6C8A78280302870069720E /* InfoPlist.strings in Resources */,
				CDA4C74327EE5E56003A0B94 /* Preview Assets.xcassets in Resources */,
				CDC1E91928003D840052F161 /* LaunchScreen.storyboard in Resources */,
				CD27606627EF0136003A833D /* Localizable.strings in Resources */,
				CDA4C74027EE5E56003A0B94 /* Assets.xcassets in Resources */,
			);
			runOnlyForDeploymentPostprocessing = 0;
		};
		CDA4C74627EE5E57003A0B94 /* Resources */ = {
			isa = PBXResourcesBuildPhase;
			buildActionMask = 2147483647;
			files = (
			);
			runOnlyForDeploymentPostprocessing = 0;
		};
		CDA4C75027EE5E57003A0B94 /* Resources */ = {
			isa = PBXResourcesBuildPhase;
			buildActionMask = 2147483647;
			files = (
			);
			runOnlyForDeploymentPostprocessing = 0;
		};
/* End PBXResourcesBuildPhase section */

/* Begin PBXShellScriptBuildPhase section */
		1020E4C50A23A30E0205C11E /* [CP] Check Pods Manifest.lock */ = {
			isa = PBXShellScriptBuildPhase;
			buildActionMask = 2147483647;
			files = (
			);
			inputFileListPaths = (
			);
			inputPaths = (
				"${PODS_PODFILE_DIR_PATH}/Podfile.lock",
				"${PODS_ROOT}/Manifest.lock",
			);
			name = "[CP] Check Pods Manifest.lock";
			outputFileListPaths = (
			);
			outputPaths = (
				"$(DERIVED_FILE_DIR)/Pods-Babysafe Home AR iOS SwiftUI-Babysafe Home AR iOS SwiftUIUITests-checkManifestLockResult.txt",
			);
			runOnlyForDeploymentPostprocessing = 0;
			shellPath = /bin/sh;
			shellScript = "diff \"${PODS_PODFILE_DIR_PATH}/Podfile.lock\" \"${PODS_ROOT}/Manifest.lock\" > /dev/null\nif [ $? != 0 ] ; then\n    # print error to STDERR\n    echo \"error: The sandbox is not in sync with the Podfile.lock. Run 'pod install' or update your CocoaPods installation.\" >&2\n    exit 1\nfi\n# This output is used by Xcode 'outputs' to avoid re-running this script phase.\necho \"SUCCESS\" > \"${SCRIPT_OUTPUT_FILE_0}\"\n";
			showEnvVarsInLog = 0;
		};
		41DD2D86D4EAA7911ED3A578 /* [CP] Embed Pods Frameworks */ = {
			isa = PBXShellScriptBuildPhase;
			buildActionMask = 2147483647;
			files = (
			);
			inputFileListPaths = (
				"${PODS_ROOT}/Target Support Files/Pods-Babysafe Home AR iOS SwiftUI-Babysafe Home AR iOS SwiftUIUITests/Pods-Babysafe Home AR iOS SwiftUI-Babysafe Home AR iOS SwiftUIUITests-frameworks-${CONFIGURATION}-input-files.xcfilelist",
			);
			name = "[CP] Embed Pods Frameworks";
			outputFileListPaths = (
				"${PODS_ROOT}/Target Support Files/Pods-Babysafe Home AR iOS SwiftUI-Babysafe Home AR iOS SwiftUIUITests/Pods-Babysafe Home AR iOS SwiftUI-Babysafe Home AR iOS SwiftUIUITests-frameworks-${CONFIGURATION}-output-files.xcfilelist",
			);
			runOnlyForDeploymentPostprocessing = 0;
			shellPath = /bin/sh;
			shellScript = "\"${PODS_ROOT}/Target Support Files/Pods-Babysafe Home AR iOS SwiftUI-Babysafe Home AR iOS SwiftUIUITests/Pods-Babysafe Home AR iOS SwiftUI-Babysafe Home AR iOS SwiftUIUITests-frameworks.sh\"\n";
			showEnvVarsInLog = 0;
		};
		4CA37B34C25CD83BE83E803B /* [CP] Check Pods Manifest.lock */ = {
			isa = PBXShellScriptBuildPhase;
			buildActionMask = 2147483647;
			files = (
			);
			inputFileListPaths = (
			);
			inputPaths = (
				"${PODS_PODFILE_DIR_PATH}/Podfile.lock",
				"${PODS_ROOT}/Manifest.lock",
			);
			name = "[CP] Check Pods Manifest.lock";
			outputFileListPaths = (
			);
			outputPaths = (
				"$(DERIVED_FILE_DIR)/Pods-Babysafe Home AR iOS SwiftUITests-checkManifestLockResult.txt",
			);
			runOnlyForDeploymentPostprocessing = 0;
			shellPath = /bin/sh;
			shellScript = "diff \"${PODS_PODFILE_DIR_PATH}/Podfile.lock\" \"${PODS_ROOT}/Manifest.lock\" > /dev/null\nif [ $? != 0 ] ; then\n    # print error to STDERR\n    echo \"error: The sandbox is not in sync with the Podfile.lock. Run 'pod install' or update your CocoaPods installation.\" >&2\n    exit 1\nfi\n# This output is used by Xcode 'outputs' to avoid re-running this script phase.\necho \"SUCCESS\" > \"${SCRIPT_OUTPUT_FILE_0}\"\n";
			showEnvVarsInLog = 0;
		};
		6CCDFABF0B5FAFC9AC07AC1A /* [CP] Embed Pods Frameworks */ = {
			isa = PBXShellScriptBuildPhase;
			buildActionMask = 2147483647;
			files = (
			);
			inputFileListPaths = (
				"${PODS_ROOT}/Target Support Files/Pods-Babysafe Home AR iOS SwiftUI/Pods-Babysafe Home AR iOS SwiftUI-frameworks-${CONFIGURATION}-input-files.xcfilelist",
			);
			name = "[CP] Embed Pods Frameworks";
			outputFileListPaths = (
				"${PODS_ROOT}/Target Support Files/Pods-Babysafe Home AR iOS SwiftUI/Pods-Babysafe Home AR iOS SwiftUI-frameworks-${CONFIGURATION}-output-files.xcfilelist",
			);
			runOnlyForDeploymentPostprocessing = 0;
			shellPath = /bin/sh;
			shellScript = "\"${PODS_ROOT}/Target Support Files/Pods-Babysafe Home AR iOS SwiftUI/Pods-Babysafe Home AR iOS SwiftUI-frameworks.sh\"\n";
			showEnvVarsInLog = 0;
		};
		837A90EFCA47DCDF0CE14C91 /* [CP] Copy Pods Resources */ = {
			isa = PBXShellScriptBuildPhase;
			buildActionMask = 2147483647;
			files = (
			);
			inputFileListPaths = (
				"${PODS_ROOT}/Target Support Files/Pods-Babysafe Home AR iOS SwiftUI/Pods-Babysafe Home AR iOS SwiftUI-resources-${CONFIGURATION}-input-files.xcfilelist",
			);
			name = "[CP] Copy Pods Resources";
			outputFileListPaths = (
				"${PODS_ROOT}/Target Support Files/Pods-Babysafe Home AR iOS SwiftUI/Pods-Babysafe Home AR iOS SwiftUI-resources-${CONFIGURATION}-output-files.xcfilelist",
			);
			runOnlyForDeploymentPostprocessing = 0;
			shellPath = /bin/sh;
			shellScript = "\"${PODS_ROOT}/Target Support Files/Pods-Babysafe Home AR iOS SwiftUI/Pods-Babysafe Home AR iOS SwiftUI-resources.sh\"\n";
			showEnvVarsInLog = 0;
		};
		8F97013F794505A50A979068 /* [CP] Copy Pods Resources */ = {
			isa = PBXShellScriptBuildPhase;
			buildActionMask = 2147483647;
			files = (
			);
			inputFileListPaths = (
				"${PODS_ROOT}/Target Support Files/Pods-Babysafe Home AR iOS SwiftUI-Babysafe Home AR iOS SwiftUIUITests/Pods-Babysafe Home AR iOS SwiftUI-Babysafe Home AR iOS SwiftUIUITests-resources-${CONFIGURATION}-input-files.xcfilelist",
			);
			name = "[CP] Copy Pods Resources";
			outputFileListPaths = (
				"${PODS_ROOT}/Target Support Files/Pods-Babysafe Home AR iOS SwiftUI-Babysafe Home AR iOS SwiftUIUITests/Pods-Babysafe Home AR iOS SwiftUI-Babysafe Home AR iOS SwiftUIUITests-resources-${CONFIGURATION}-output-files.xcfilelist",
			);
			runOnlyForDeploymentPostprocessing = 0;
			shellPath = /bin/sh;
			shellScript = "\"${PODS_ROOT}/Target Support Files/Pods-Babysafe Home AR iOS SwiftUI-Babysafe Home AR iOS SwiftUIUITests/Pods-Babysafe Home AR iOS SwiftUI-Babysafe Home AR iOS SwiftUIUITests-resources.sh\"\n";
			showEnvVarsInLog = 0;
		};
		D0C1383A410D712594DB8E5E /* [CP] Check Pods Manifest.lock */ = {
			isa = PBXShellScriptBuildPhase;
			buildActionMask = 2147483647;
			files = (
			);
			inputFileListPaths = (
			);
			inputPaths = (
				"${PODS_PODFILE_DIR_PATH}/Podfile.lock",
				"${PODS_ROOT}/Manifest.lock",
			);
			name = "[CP] Check Pods Manifest.lock";
			outputFileListPaths = (
			);
			outputPaths = (
				"$(DERIVED_FILE_DIR)/Pods-Babysafe Home AR iOS SwiftUI-checkManifestLockResult.txt",
			);
			runOnlyForDeploymentPostprocessing = 0;
			shellPath = /bin/sh;
			shellScript = "diff \"${PODS_PODFILE_DIR_PATH}/Podfile.lock\" \"${PODS_ROOT}/Manifest.lock\" > /dev/null\nif [ $? != 0 ] ; then\n    # print error to STDERR\n    echo \"error: The sandbox is not in sync with the Podfile.lock. Run 'pod install' or update your CocoaPods installation.\" >&2\n    exit 1\nfi\n# This output is used by Xcode 'outputs' to avoid re-running this script phase.\necho \"SUCCESS\" > \"${SCRIPT_OUTPUT_FILE_0}\"\n";
			showEnvVarsInLog = 0;
		};
/* End PBXShellScriptBuildPhase section */

/* Begin PBXSourcesBuildPhase section */
		CDA4C73427EE5E54003A0B94 /* Sources */ = {
			isa = PBXSourcesBuildPhase;
			buildActionMask = 2147483647;
			files = (
				CD3D657927F21C64008CA2CF /* BabyDanger.swift in Sources */,
				CD27606F27EF355A003A833D /* MainScoreView.swift in Sources */,
				CDA4C76827EE5FB0003A0B94 /* AboutAppInfoView.swift in Sources */,
				CD8D330027F333B40058D54B /* CameraView.swift in Sources */,
				CDA4C77027EE6EA3003A0B94 /* MainView.swift in Sources */,
				CDA4C73E27EE5E54003A0B94 /* ContentView.swift in Sources */,
				CD490E5C27F4E51300BFB504 /* BabysafeViewModel.swift in Sources */,
				CDA4C76A27EE5FC8003A0B94 /* AboutDisclaimerView.swift in Sources */,
				CD27607127EF4129003A833D /* MainTipsView.swift in Sources */,
				CD27607727EF9D14003A833D /* MainTipDetailView.swift in Sources */,
				CD1C94CB27FCDA8F0078C1D4 /* SafetyTip.swift in Sources */,
				CD47B19D27F63B1D000D526F /* ChecklistItemView.swift in Sources */,
				CDA4C76C27EE5FDB003A0B94 /* AboutThanksView.swift in Sources */,
				CDA4C76E27EE5FF1003A0B94 /* AboutAttributionsView.swift in Sources */,
				CD27607527EF6F65003A833D /* ActivityViewController.swift in Sources */,
				CD27606D27EF2E32003A833D /* MainChecklistView.swift in Sources */,
				CD1162322802D8980053E923 /* AboutLibrariesView.swift in Sources */,
				CD8D32F827F2FB2D0058D54B /* ShopCountry.swift in Sources */,
				CDA4C76627EE5EC5003A0B94 /* AboutView.swift in Sources */,
				CD27606B27EF09FC003A833D /* MainIntroView.swift in Sources */,
				CDA4C73C27EE5E54003A0B94 /* BabysafeHomeARApp.swift in Sources */,
				CD8D32F627F2F7A50058D54B /* Shop.swift in Sources */,
			);
			runOnlyForDeploymentPostprocessing = 0;
		};
		CDA4C74427EE5E57003A0B94 /* Sources */ = {
			isa = PBXSourcesBuildPhase;
			buildActionMask = 2147483647;
			files = (
				CDA4C74D27EE5E57003A0B94 /* Babysafe_Home_AR_iOS_SwiftUITests.swift in Sources */,
			);
			runOnlyForDeploymentPostprocessing = 0;
		};
		CDA4C74E27EE5E57003A0B94 /* Sources */ = {
			isa = PBXSourcesBuildPhase;
			buildActionMask = 2147483647;
			files = (
				CDA4C75727EE5E57003A0B94 /* Babysafe_Home_AR_iOS_SwiftUIUITests.swift in Sources */,
				CDA4C75927EE5E57003A0B94 /* Babysafe_Home_AR_iOS_SwiftUIUITestsLaunchTests.swift in Sources */,
			);
			runOnlyForDeploymentPostprocessing = 0;
		};
/* End PBXSourcesBuildPhase section */

/* Begin PBXTargetDependency section */
		CDA4C74A27EE5E57003A0B94 /* PBXTargetDependency */ = {
			isa = PBXTargetDependency;
			target = CDA4C73727EE5E54003A0B94 /* Babysafe Home AR iOS SwiftUI */;
			targetProxy = CDA4C74927EE5E57003A0B94 /* PBXContainerItemProxy */;
		};
		CDA4C75427EE5E57003A0B94 /* PBXTargetDependency */ = {
			isa = PBXTargetDependency;
			target = CDA4C73727EE5E54003A0B94 /* Babysafe Home AR iOS SwiftUI */;
			targetProxy = CDA4C75327EE5E57003A0B94 /* PBXContainerItemProxy */;
		};
/* End PBXTargetDependency section */

/* Begin PBXVariantGroup section */
		CD27606827EF0136003A833D /* Localizable.strings */ = {
			isa = PBXVariantGroup;
			children = (
				CD27606727EF0136003A833D /* en */,
				CD27606927EF0151003A833D /* de */,
				CD438087281DC90000D30DB8 /* el */,
				CD409FB8281EBB1B0076FC4B /* pt-PT */,
				CD409FBA281EBB230076FC4B /* fr */,
			);
			name = Localizable.strings;
			sourceTree = "<group>";
		};
		CD6C8A7A280302870069720E /* InfoPlist.strings */ = {
			isa = PBXVariantGroup;
			children = (
				CD6C8A79280302870069720E /* en */,
				CD6C8A7B280302890069720E /* de */,
				CD438088281DC90000D30DB8 /* el */,
				CD409FB9281EBB1B0076FC4B /* pt-PT */,
				CD409FBB281EBB230076FC4B /* fr */,
			);
			name = InfoPlist.strings;
			sourceTree = "<group>";
		};
/* End PBXVariantGroup section */

/* Begin XCBuildConfiguration section */
		CDA4C75A27EE5E57003A0B94 /* Debug */ = {
			isa = XCBuildConfiguration;
			buildSettings = {
				ALWAYS_SEARCH_USER_PATHS = NO;
				CLANG_ANALYZER_LOCALIZABILITY_NONLOCALIZED = YES;
				CLANG_ANALYZER_NONNULL = YES;
				CLANG_ANALYZER_NUMBER_OBJECT_CONVERSION = YES_AGGRESSIVE;
				CLANG_CXX_LANGUAGE_STANDARD = "gnu++17";
				CLANG_ENABLE_MODULES = YES;
				CLANG_ENABLE_OBJC_ARC = YES;
				CLANG_ENABLE_OBJC_WEAK = YES;
				CLANG_WARN_BLOCK_CAPTURE_AUTORELEASING = YES;
				CLANG_WARN_BOOL_CONVERSION = YES;
				CLANG_WARN_COMMA = YES;
				CLANG_WARN_CONSTANT_CONVERSION = YES;
				CLANG_WARN_DEPRECATED_OBJC_IMPLEMENTATIONS = YES;
				CLANG_WARN_DIRECT_OBJC_ISA_USAGE = YES_ERROR;
				CLANG_WARN_DOCUMENTATION_COMMENTS = YES;
				CLANG_WARN_EMPTY_BODY = YES;
				CLANG_WARN_ENUM_CONVERSION = YES;
				CLANG_WARN_INFINITE_RECURSION = YES;
				CLANG_WARN_INT_CONVERSION = YES;
				CLANG_WARN_NON_LITERAL_NULL_CONVERSION = YES;
				CLANG_WARN_OBJC_IMPLICIT_RETAIN_SELF = YES;
				CLANG_WARN_OBJC_LITERAL_CONVERSION = YES;
				CLANG_WARN_OBJC_ROOT_CLASS = YES_ERROR;
				CLANG_WARN_QUOTED_INCLUDE_IN_FRAMEWORK_HEADER = YES;
				CLANG_WARN_RANGE_LOOP_ANALYSIS = YES;
				CLANG_WARN_STRICT_PROTOTYPES = YES;
				CLANG_WARN_SUSPICIOUS_MOVE = YES;
				CLANG_WARN_UNGUARDED_AVAILABILITY = YES_AGGRESSIVE;
				CLANG_WARN_UNREACHABLE_CODE = YES;
				CLANG_WARN__DUPLICATE_METHOD_MATCH = YES;
				COPY_PHASE_STRIP = NO;
				DEBUG_INFORMATION_FORMAT = dwarf;
				ENABLE_STRICT_OBJC_MSGSEND = YES;
				ENABLE_TESTABILITY = YES;
				GCC_C_LANGUAGE_STANDARD = gnu11;
				GCC_DYNAMIC_NO_PIC = NO;
				GCC_NO_COMMON_BLOCKS = YES;
				GCC_OPTIMIZATION_LEVEL = 0;
				GCC_PREPROCESSOR_DEFINITIONS = (
					"DEBUG=1",
					"$(inherited)",
				);
				GCC_WARN_64_TO_32_BIT_CONVERSION = YES;
				GCC_WARN_ABOUT_RETURN_TYPE = YES_ERROR;
				GCC_WARN_UNDECLARED_SELECTOR = YES;
				GCC_WARN_UNINITIALIZED_AUTOS = YES_AGGRESSIVE;
				GCC_WARN_UNUSED_FUNCTION = YES;
				GCC_WARN_UNUSED_VARIABLE = YES;
				IPHONEOS_DEPLOYMENT_TARGET = 15.0;
				MTL_ENABLE_DEBUG_INFO = INCLUDE_SOURCE;
				MTL_FAST_MATH = YES;
				ONLY_ACTIVE_ARCH = YES;
				SDKROOT = iphoneos;
				SWIFT_ACTIVE_COMPILATION_CONDITIONS = DEBUG;
				SWIFT_OPTIMIZATION_LEVEL = "-Onone";
			};
			name = Debug;
		};
		CDA4C75B27EE5E57003A0B94 /* Release */ = {
			isa = XCBuildConfiguration;
			buildSettings = {
				ALWAYS_SEARCH_USER_PATHS = NO;
				CLANG_ANALYZER_LOCALIZABILITY_NONLOCALIZED = YES;
				CLANG_ANALYZER_NONNULL = YES;
				CLANG_ANALYZER_NUMBER_OBJECT_CONVERSION = YES_AGGRESSIVE;
				CLANG_CXX_LANGUAGE_STANDARD = "gnu++17";
				CLANG_ENABLE_MODULES = YES;
				CLANG_ENABLE_OBJC_ARC = YES;
				CLANG_ENABLE_OBJC_WEAK = YES;
				CLANG_WARN_BLOCK_CAPTURE_AUTORELEASING = YES;
				CLANG_WARN_BOOL_CONVERSION = YES;
				CLANG_WARN_COMMA = YES;
				CLANG_WARN_CONSTANT_CONVERSION = YES;
				CLANG_WARN_DEPRECATED_OBJC_IMPLEMENTATIONS = YES;
				CLANG_WARN_DIRECT_OBJC_ISA_USAGE = YES_ERROR;
				CLANG_WARN_DOCUMENTATION_COMMENTS = YES;
				CLANG_WARN_EMPTY_BODY = YES;
				CLANG_WARN_ENUM_CONVERSION = YES;
				CLANG_WARN_INFINITE_RECURSION = YES;
				CLANG_WARN_INT_CONVERSION = YES;
				CLANG_WARN_NON_LITERAL_NULL_CONVERSION = YES;
				CLANG_WARN_OBJC_IMPLICIT_RETAIN_SELF = YES;
				CLANG_WARN_OBJC_LITERAL_CONVERSION = YES;
				CLANG_WARN_OBJC_ROOT_CLASS = YES_ERROR;
				CLANG_WARN_QUOTED_INCLUDE_IN_FRAMEWORK_HEADER = YES;
				CLANG_WARN_RANGE_LOOP_ANALYSIS = YES;
				CLANG_WARN_STRICT_PROTOTYPES = YES;
				CLANG_WARN_SUSPICIOUS_MOVE = YES;
				CLANG_WARN_UNGUARDED_AVAILABILITY = YES_AGGRESSIVE;
				CLANG_WARN_UNREACHABLE_CODE = YES;
				CLANG_WARN__DUPLICATE_METHOD_MATCH = YES;
				COPY_PHASE_STRIP = NO;
				DEBUG_INFORMATION_FORMAT = "dwarf-with-dsym";
				ENABLE_NS_ASSERTIONS = NO;
				ENABLE_STRICT_OBJC_MSGSEND = YES;
				GCC_C_LANGUAGE_STANDARD = gnu11;
				GCC_NO_COMMON_BLOCKS = YES;
				GCC_WARN_64_TO_32_BIT_CONVERSION = YES;
				GCC_WARN_ABOUT_RETURN_TYPE = YES_ERROR;
				GCC_WARN_UNDECLARED_SELECTOR = YES;
				GCC_WARN_UNINITIALIZED_AUTOS = YES_AGGRESSIVE;
				GCC_WARN_UNUSED_FUNCTION = YES;
				GCC_WARN_UNUSED_VARIABLE = YES;
				IPHONEOS_DEPLOYMENT_TARGET = 15.0;
				MTL_ENABLE_DEBUG_INFO = NO;
				MTL_FAST_MATH = YES;
				SDKROOT = iphoneos;
				SWIFT_COMPILATION_MODE = wholemodule;
				SWIFT_OPTIMIZATION_LEVEL = "-O";
				VALIDATE_PRODUCT = YES;
			};
			name = Release;
		};
		CDA4C75D27EE5E57003A0B94 /* Debug */ = {
			isa = XCBuildConfiguration;
			baseConfigurationReference = C43DD95C65D369B3BCF56479 /* Pods-Babysafe Home AR iOS SwiftUI.debug.xcconfig */;
			buildSettings = {
				ASSETCATALOG_COMPILER_APPICON_NAME = AppIcon;
				ASSETCATALOG_COMPILER_GLOBAL_ACCENT_COLOR_NAME = AccentColor;
				CODE_SIGN_IDENTITY = "Apple Development";
				CODE_SIGN_STYLE = Automatic;
				CURRENT_PROJECT_VERSION = 1000400;
				DEVELOPMENT_ASSET_PATHS = "\"Babysafe Home AR iOS SwiftUI/Preview Content\"";
				DEVELOPMENT_TEAM = BZY8AT5K2W;
				ENABLE_PREVIEWS = YES;
				GENERATE_INFOPLIST_FILE = YES;
				INFOPLIST_FILE = "Babysafe-Home-AR-iOS-SwiftUI-Info.plist";
				INFOPLIST_KEY_CFBundleDisplayName = "Babysafe Home AR";
				INFOPLIST_KEY_NSCameraUsageDescription = "";
				INFOPLIST_KEY_UIApplicationSupportsIndirectInputEvents = YES;
				INFOPLIST_KEY_UILaunchScreen_Generation = YES;
				INFOPLIST_KEY_UIRequiresFullScreen = YES;
				INFOPLIST_KEY_UISupportedInterfaceOrientations = UIInterfaceOrientationPortrait;
				INFOPLIST_KEY_UISupportedInterfaceOrientations_iPad = UIInterfaceOrientationPortrait;
				INFOPLIST_KEY_UISupportedInterfaceOrientations_iPhone = UIInterfaceOrientationPortrait;
				LD_RUNPATH_SEARCH_PATHS = (
					"$(inherited)",
					"@executable_path/Frameworks",
				);
				MARKETING_VERSION = 1.0.4;
				PRODUCT_BUNDLE_IDENTIFIER = at.techbee.babysafe;
				PRODUCT_NAME = "Babysafe Home AR";
				PROVISIONING_PROFILE_SPECIFIER = "";
				SWIFT_EMIT_LOC_STRINGS = YES;
				SWIFT_VERSION = 5.0;
				TARGETED_DEVICE_FAMILY = "1,2";
			};
			name = Debug;
		};
		CDA4C75E27EE5E57003A0B94 /* Release */ = {
			isa = XCBuildConfiguration;
			baseConfigurationReference = 98F4495FBB740CE7371BD41C /* Pods-Babysafe Home AR iOS SwiftUI.release.xcconfig */;
			buildSettings = {
				ASSETCATALOG_COMPILER_APPICON_NAME = AppIcon;
				ASSETCATALOG_COMPILER_GLOBAL_ACCENT_COLOR_NAME = AccentColor;
				CODE_SIGN_IDENTITY = "Apple Development";
				CODE_SIGN_STYLE = Automatic;
				CURRENT_PROJECT_VERSION = 1000400;
				DEVELOPMENT_ASSET_PATHS = "\"Babysafe Home AR iOS SwiftUI/Preview Content\"";
				DEVELOPMENT_TEAM = BZY8AT5K2W;
				ENABLE_PREVIEWS = YES;
				GENERATE_INFOPLIST_FILE = YES;
				INFOPLIST_FILE = "Babysafe-Home-AR-iOS-SwiftUI-Info.plist";
				INFOPLIST_KEY_CFBundleDisplayName = "Babysafe Home AR";
				INFOPLIST_KEY_NSCameraUsageDescription = "";
				INFOPLIST_KEY_UIApplicationSupportsIndirectInputEvents = YES;
				INFOPLIST_KEY_UILaunchScreen_Generation = YES;
				INFOPLIST_KEY_UIRequiresFullScreen = YES;
				INFOPLIST_KEY_UISupportedInterfaceOrientations = UIInterfaceOrientationPortrait;
				INFOPLIST_KEY_UISupportedInterfaceOrientations_iPad = UIInterfaceOrientationPortrait;
				INFOPLIST_KEY_UISupportedInterfaceOrientations_iPhone = UIInterfaceOrientationPortrait;
				LD_RUNPATH_SEARCH_PATHS = (
					"$(inherited)",
					"@executable_path/Frameworks",
				);
				MARKETING_VERSION = 1.0.4;
				PRODUCT_BUNDLE_IDENTIFIER = at.techbee.babysafe;
				PRODUCT_NAME = "Babysafe Home AR";
				PROVISIONING_PROFILE_SPECIFIER = "";
				SWIFT_EMIT_LOC_STRINGS = YES;
				SWIFT_VERSION = 5.0;
				TARGETED_DEVICE_FAMILY = "1,2";
			};
			name = Release;
		};
		CDA4C76027EE5E57003A0B94 /* Debug */ = {
			isa = XCBuildConfiguration;
			baseConfigurationReference = BE3562A027928DFE9796BF96 /* Pods-Babysafe Home AR iOS SwiftUITests.debug.xcconfig */;
			buildSettings = {
				ALWAYS_EMBED_SWIFT_STANDARD_LIBRARIES = YES;
				BUNDLE_LOADER = "$(TEST_HOST)";
				CODE_SIGN_STYLE = Automatic;
				CURRENT_PROJECT_VERSION = 1;
				DEVELOPMENT_TEAM = R48PTL8RW5;
				GENERATE_INFOPLIST_FILE = YES;
				IPHONEOS_DEPLOYMENT_TARGET = 15.4;
				MARKETING_VERSION = 1.0;
				PRODUCT_BUNDLE_IDENTIFIER = "at.techbee.Babysafe-Home-AR-iOS-SwiftUITests";
				PRODUCT_NAME = "$(TARGET_NAME)";
				SWIFT_EMIT_LOC_STRINGS = NO;
				SWIFT_VERSION = 5.0;
				TARGETED_DEVICE_FAMILY = "1,2";
				TEST_HOST = "$(BUILT_PRODUCTS_DIR)/Babysafe Home AR iOS SwiftUI.app/Babysafe Home AR iOS SwiftUI";
			};
			name = Debug;
		};
		CDA4C76127EE5E57003A0B94 /* Release */ = {
			isa = XCBuildConfiguration;
			baseConfigurationReference = F4ABA1B9B1C6FD15C1B5481D /* Pods-Babysafe Home AR iOS SwiftUITests.release.xcconfig */;
			buildSettings = {
				ALWAYS_EMBED_SWIFT_STANDARD_LIBRARIES = YES;
				BUNDLE_LOADER = "$(TEST_HOST)";
				CODE_SIGN_STYLE = Automatic;
				CURRENT_PROJECT_VERSION = 1;
				DEVELOPMENT_TEAM = R48PTL8RW5;
				GENERATE_INFOPLIST_FILE = YES;
				IPHONEOS_DEPLOYMENT_TARGET = 15.4;
				MARKETING_VERSION = 1.0;
				PRODUCT_BUNDLE_IDENTIFIER = "at.techbee.Babysafe-Home-AR-iOS-SwiftUITests";
				PRODUCT_NAME = "$(TARGET_NAME)";
				SWIFT_EMIT_LOC_STRINGS = NO;
				SWIFT_VERSION = 5.0;
				TARGETED_DEVICE_FAMILY = "1,2";
				TEST_HOST = "$(BUILT_PRODUCTS_DIR)/Babysafe Home AR iOS SwiftUI.app/Babysafe Home AR iOS SwiftUI";
			};
			name = Release;
		};
		CDA4C76327EE5E57003A0B94 /* Debug */ = {
			isa = XCBuildConfiguration;
			baseConfigurationReference = 2386FAE37BE5458B9753EEB2 /* Pods-Babysafe Home AR iOS SwiftUI-Babysafe Home AR iOS SwiftUIUITests.debug.xcconfig */;
			buildSettings = {
				ALWAYS_EMBED_SWIFT_STANDARD_LIBRARIES = YES;
				CODE_SIGN_STYLE = Automatic;
				CURRENT_PROJECT_VERSION = 1;
				DEVELOPMENT_TEAM = R48PTL8RW5;
				GENERATE_INFOPLIST_FILE = YES;
				MARKETING_VERSION = 1.0;
				PRODUCT_BUNDLE_IDENTIFIER = "at.techbee.Babysafe-Home-AR-iOS-SwiftUIUITests";
				PRODUCT_NAME = "$(TARGET_NAME)";
				SWIFT_EMIT_LOC_STRINGS = NO;
				SWIFT_VERSION = 5.0;
				TARGETED_DEVICE_FAMILY = "1,2";
				TEST_TARGET_NAME = "Babysafe Home AR iOS SwiftUI";
			};
			name = Debug;
		};
		CDA4C76427EE5E57003A0B94 /* Release */ = {
			isa = XCBuildConfiguration;
			baseConfigurationReference = 017B367D7E886563460BC77D /* Pods-Babysafe Home AR iOS SwiftUI-Babysafe Home AR iOS SwiftUIUITests.release.xcconfig */;
			buildSettings = {
				ALWAYS_EMBED_SWIFT_STANDARD_LIBRARIES = YES;
				CODE_SIGN_STYLE = Automatic;
				CURRENT_PROJECT_VERSION = 1;
				DEVELOPMENT_TEAM = R48PTL8RW5;
				GENERATE_INFOPLIST_FILE = YES;
				MARKETING_VERSION = 1.0;
				PRODUCT_BUNDLE_IDENTIFIER = "at.techbee.Babysafe-Home-AR-iOS-SwiftUIUITests";
				PRODUCT_NAME = "$(TARGET_NAME)";
				SWIFT_EMIT_LOC_STRINGS = NO;
				SWIFT_VERSION = 5.0;
				TARGETED_DEVICE_FAMILY = "1,2";
				TEST_TARGET_NAME = "Babysafe Home AR iOS SwiftUI";
			};
			name = Release;
		};
/* End XCBuildConfiguration section */

/* Begin XCConfigurationList section */
		CDA4C73327EE5E53003A0B94 /* Build configuration list for PBXProject "Babysafe Home AR iOS SwiftUI" */ = {
			isa = XCConfigurationList;
			buildConfigurations = (
				CDA4C75A27EE5E57003A0B94 /* Debug */,
				CDA4C75B27EE5E57003A0B94 /* Release */,
			);
			defaultConfigurationIsVisible = 0;
			defaultConfigurationName = Release;
		};
		CDA4C75C27EE5E57003A0B94 /* Build configuration list for PBXNativeTarget "Babysafe Home AR iOS SwiftUI" */ = {
			isa = XCConfigurationList;
			buildConfigurations = (
				CDA4C75D27EE5E57003A0B94 /* Debug */,
				CDA4C75E27EE5E57003A0B94 /* Release */,
			);
			defaultConfigurationIsVisible = 0;
			defaultConfigurationName = Release;
		};
		CDA4C75F27EE5E57003A0B94 /* Build configuration list for PBXNativeTarget "Babysafe Home AR iOS SwiftUITests" */ = {
			isa = XCConfigurationList;
			buildConfigurations = (
				CDA4C76027EE5E57003A0B94 /* Debug */,
				CDA4C76127EE5E57003A0B94 /* Release */,
			);
			defaultConfigurationIsVisible = 0;
			defaultConfigurationName = Release;
		};
		CDA4C76227EE5E57003A0B94 /* Build configuration list for PBXNativeTarget "Babysafe Home AR iOS SwiftUIUITests" */ = {
			isa = XCConfigurationList;
			buildConfigurations = (
				CDA4C76327EE5E57003A0B94 /* Debug */,
				CDA4C76427EE5E57003A0B94 /* Release */,
			);
			defaultConfigurationIsVisible = 0;
			defaultConfigurationName = Release;
		};
/* End XCConfigurationList section */

/* Begin XCRemoteSwiftPackageReference section */
		CD11622E2802C0050053E923 /* XCRemoteSwiftPackageReference "ConfettiSwiftUI" */ = {
			isa = XCRemoteSwiftPackageReference;
			repositoryURL = "https://github.com/simibac/ConfettiSwiftUI.git";
			requirement = {
				branch = master;
				kind = branch;
			};
		};
/* End XCRemoteSwiftPackageReference section */

/* Begin XCSwiftPackageProductDependency section */
		CD11622F2802C0050053E923 /* ConfettiSwiftUI */ = {
			isa = XCSwiftPackageProductDependency;
			package = CD11622E2802C0050053E923 /* XCRemoteSwiftPackageReference "ConfettiSwiftUI" */;
			productName = ConfettiSwiftUI;
		};
/* End XCSwiftPackageProductDependency section */
	};
	rootObject = CDA4C73027EE5E53003A0B94 /* Project object */;
}
